set_global_assignment -name FAMILY "Cyclone IV E"
set_global_assignment -name DEVICE EP4CE10F17C8
set_global_assignment -name TOP_LEVEL_ENTITY jbscan
set_global_assignment -name VERILOG_FILE jbscan.v
set_global_assignment -name PROJECT_OUTPUT_DIRECTORY output_files
set_location_assignment PIN_E15 -to k1
set_location_assignment PIN_E16 -to k2
set_location_assignment PIN_G15 -to led
set_global_assignment -name GENERATE_RBF_FILE ON
set_location_assignment LCCOMB_X5_Y2_N0 -to "u0"
set_location_assignment LCCOMB_X5_Y2_N2 -to "u1"
set_location_assignment LCCOMB_X5_Y2_N4 -to "u2"
set_location_assignment LCCOMB_X5_Y2_N6 -to "u3"
set_location_assignment LCCOMB_X5_Y2_N8 -to "u4"
set_location_assignment LCCOMB_X5_Y2_N10 -to "u5"
set_location_assignment LCCOMB_X5_Y2_N12 -to "u6"
set_location_assignment LCCOMB_X5_Y2_N14 -to "u7"
set_location_assignment LCCOMB_X5_Y2_N16 -to "u8"
set_location_assignment LCCOMB_X5_Y2_N18 -to "u9"
set_location_assignment LCCOMB_X5_Y2_N20 -to "u10"
set_location_assignment LCCOMB_X5_Y2_N22 -to "u11"
set_location_assignment LCCOMB_X5_Y2_N24 -to "u12"
set_location_assignment LCCOMB_X5_Y2_N26 -to "u13"
set_location_assignment LCCOMB_X5_Y2_N28 -to "u14"
set_location_assignment LCCOMB_X5_Y2_N30 -to "u15"
set_location_assignment LCCOMB_X5_Y3_N0 -to "u16"
set_location_assignment LCCOMB_X5_Y3_N2 -to "u17"
set_location_assignment LCCOMB_X5_Y3_N4 -to "u18"
set_location_assignment LCCOMB_X5_Y3_N6 -to "u19"
set_location_assignment LCCOMB_X5_Y3_N8 -to "u20"
set_location_assignment LCCOMB_X5_Y3_N10 -to "u21"
set_location_assignment LCCOMB_X5_Y3_N12 -to "u22"
set_location_assignment LCCOMB_X5_Y3_N14 -to "u23"
set_location_assignment LCCOMB_X5_Y3_N16 -to "u24"
set_location_assignment LCCOMB_X5_Y3_N18 -to "u25"
set_location_assignment LCCOMB_X5_Y3_N20 -to "u26"
set_location_assignment LCCOMB_X5_Y3_N22 -to "u27"
set_location_assignment LCCOMB_X5_Y3_N24 -to "u28"
set_location_assignment LCCOMB_X5_Y3_N26 -to "u29"
set_location_assignment LCCOMB_X5_Y3_N28 -to "u30"
set_location_assignment LCCOMB_X5_Y3_N30 -to "u31"
set_location_assignment LCCOMB_X5_Y4_N0 -to "u32"
set_location_assignment LCCOMB_X5_Y4_N2 -to "u33"
set_location_assignment LCCOMB_X5_Y4_N4 -to "u34"
set_location_assignment LCCOMB_X5_Y4_N6 -to "u35"
set_location_assignment LCCOMB_X5_Y4_N8 -to "u36"
set_location_assignment LCCOMB_X5_Y4_N10 -to "u37"
set_location_assignment LCCOMB_X5_Y4_N12 -to "u38"
set_location_assignment LCCOMB_X5_Y4_N14 -to "u39"
set_location_assignment LCCOMB_X5_Y4_N16 -to "u40"
set_location_assignment LCCOMB_X5_Y4_N18 -to "u41"
set_location_assignment LCCOMB_X5_Y4_N20 -to "u42"
set_location_assignment LCCOMB_X5_Y4_N22 -to "u43"
set_location_assignment LCCOMB_X5_Y4_N24 -to "u44"
set_location_assignment LCCOMB_X5_Y4_N26 -to "u45"
set_location_assignment LCCOMB_X5_Y4_N28 -to "u46"
set_location_assignment LCCOMB_X5_Y4_N30 -to "u47"
set_location_assignment LCCOMB_X5_Y5_N0 -to "u48"
set_location_assignment LCCOMB_X5_Y5_N2 -to "u49"
set_location_assignment LCCOMB_X5_Y5_N4 -to "u50"
set_location_assignment LCCOMB_X5_Y5_N6 -to "u51"
set_location_assignment LCCOMB_X5_Y5_N8 -to "u52"
set_location_assignment LCCOMB_X5_Y5_N10 -to "u53"
set_location_assignment LCCOMB_X5_Y5_N12 -to "u54"
set_location_assignment LCCOMB_X5_Y5_N14 -to "u55"
set_location_assignment LCCOMB_X5_Y5_N16 -to "u56"
set_location_assignment LCCOMB_X5_Y5_N18 -to "u57"
set_location_assignment LCCOMB_X5_Y5_N20 -to "u58"
set_location_assignment LCCOMB_X5_Y5_N22 -to "u59"
set_location_assignment LCCOMB_X5_Y5_N24 -to "u60"
set_location_assignment LCCOMB_X5_Y5_N26 -to "u61"
set_location_assignment LCCOMB_X5_Y5_N28 -to "u62"
set_location_assignment LCCOMB_X5_Y5_N30 -to "u63"
set_location_assignment LCCOMB_X5_Y6_N0 -to "u64"
set_location_assignment LCCOMB_X5_Y6_N2 -to "u65"
set_location_assignment LCCOMB_X5_Y6_N4 -to "u66"
set_location_assignment LCCOMB_X5_Y6_N6 -to "u67"
set_location_assignment LCCOMB_X5_Y6_N8 -to "u68"
set_location_assignment LCCOMB_X5_Y6_N10 -to "u69"
set_location_assignment LCCOMB_X5_Y6_N12 -to "u70"
set_location_assignment LCCOMB_X5_Y6_N14 -to "u71"
set_location_assignment LCCOMB_X5_Y6_N16 -to "u72"
set_location_assignment LCCOMB_X5_Y6_N18 -to "u73"
set_location_assignment LCCOMB_X5_Y6_N20 -to "u74"
set_location_assignment LCCOMB_X5_Y6_N22 -to "u75"
set_location_assignment LCCOMB_X5_Y6_N24 -to "u76"
set_location_assignment LCCOMB_X5_Y6_N26 -to "u77"
set_location_assignment LCCOMB_X5_Y6_N28 -to "u78"
set_location_assignment LCCOMB_X5_Y6_N30 -to "u79"
set_location_assignment LCCOMB_X5_Y7_N0 -to "u80"
set_location_assignment LCCOMB_X5_Y7_N2 -to "u81"
set_location_assignment LCCOMB_X5_Y7_N4 -to "u82"
set_location_assignment LCCOMB_X5_Y7_N6 -to "u83"
set_location_assignment LCCOMB_X5_Y7_N8 -to "u84"
set_location_assignment LCCOMB_X5_Y7_N10 -to "u85"
set_location_assignment LCCOMB_X5_Y7_N12 -to "u86"
set_location_assignment LCCOMB_X5_Y7_N14 -to "u87"
set_location_assignment LCCOMB_X5_Y7_N16 -to "u88"
set_location_assignment LCCOMB_X5_Y7_N18 -to "u89"
set_location_assignment LCCOMB_X5_Y7_N20 -to "u90"
set_location_assignment LCCOMB_X5_Y7_N22 -to "u91"
set_location_assignment LCCOMB_X5_Y7_N24 -to "u92"
set_location_assignment LCCOMB_X5_Y7_N26 -to "u93"
set_location_assignment LCCOMB_X5_Y7_N28 -to "u94"
set_location_assignment LCCOMB_X5_Y7_N30 -to "u95"
set_location_assignment LCCOMB_X5_Y8_N0 -to "u96"
set_location_assignment LCCOMB_X5_Y8_N2 -to "u97"
set_location_assignment LCCOMB_X5_Y8_N4 -to "u98"
set_location_assignment LCCOMB_X5_Y8_N6 -to "u99"
set_location_assignment LCCOMB_X5_Y8_N8 -to "u100"
set_location_assignment LCCOMB_X5_Y8_N10 -to "u101"
set_location_assignment LCCOMB_X5_Y8_N12 -to "u102"
set_location_assignment LCCOMB_X5_Y8_N14 -to "u103"
set_location_assignment LCCOMB_X5_Y8_N16 -to "u104"
set_location_assignment LCCOMB_X5_Y8_N18 -to "u105"
set_location_assignment LCCOMB_X5_Y8_N20 -to "u106"
set_location_assignment LCCOMB_X5_Y8_N22 -to "u107"
set_location_assignment LCCOMB_X5_Y8_N24 -to "u108"
set_location_assignment LCCOMB_X5_Y8_N26 -to "u109"
set_location_assignment LCCOMB_X5_Y8_N28 -to "u110"
set_location_assignment LCCOMB_X5_Y8_N30 -to "u111"
set_location_assignment LCCOMB_X5_Y9_N0 -to "u112"
set_location_assignment LCCOMB_X5_Y9_N2 -to "u113"
set_location_assignment LCCOMB_X5_Y9_N4 -to "u114"
set_location_assignment LCCOMB_X5_Y9_N6 -to "u115"
set_location_assignment LCCOMB_X5_Y9_N8 -to "u116"
set_location_assignment LCCOMB_X5_Y9_N10 -to "u117"
set_location_assignment LCCOMB_X5_Y9_N12 -to "u118"
set_location_assignment LCCOMB_X5_Y9_N14 -to "u119"
set_location_assignment LCCOMB_X5_Y9_N16 -to "u120"
set_location_assignment LCCOMB_X5_Y9_N18 -to "u121"
set_location_assignment LCCOMB_X5_Y9_N20 -to "u122"
set_location_assignment LCCOMB_X5_Y9_N22 -to "u123"
set_location_assignment LCCOMB_X5_Y9_N24 -to "u124"
set_location_assignment LCCOMB_X5_Y9_N26 -to "u125"
set_location_assignment LCCOMB_X5_Y9_N28 -to "u126"
set_location_assignment LCCOMB_X5_Y9_N30 -to "u127"
set_location_assignment LCCOMB_X5_Y10_N0 -to "u128"
set_location_assignment LCCOMB_X5_Y10_N2 -to "u129"
set_location_assignment LCCOMB_X5_Y10_N4 -to "u130"
set_location_assignment LCCOMB_X5_Y10_N6 -to "u131"
set_location_assignment LCCOMB_X5_Y10_N8 -to "u132"
set_location_assignment LCCOMB_X5_Y10_N10 -to "u133"
set_location_assignment LCCOMB_X5_Y10_N12 -to "u134"
set_location_assignment LCCOMB_X5_Y10_N14 -to "u135"
set_location_assignment LCCOMB_X5_Y10_N16 -to "u136"
set_location_assignment LCCOMB_X5_Y10_N18 -to "u137"
set_location_assignment LCCOMB_X5_Y10_N20 -to "u138"
set_location_assignment LCCOMB_X5_Y10_N22 -to "u139"
set_location_assignment LCCOMB_X5_Y10_N24 -to "u140"
set_location_assignment LCCOMB_X5_Y10_N26 -to "u141"
set_location_assignment LCCOMB_X5_Y10_N28 -to "u142"
set_location_assignment LCCOMB_X5_Y10_N30 -to "u143"
set_location_assignment LCCOMB_X5_Y11_N0 -to "u144"
set_location_assignment LCCOMB_X5_Y11_N2 -to "u145"
set_location_assignment LCCOMB_X5_Y11_N4 -to "u146"
set_location_assignment LCCOMB_X5_Y11_N6 -to "u147"
set_location_assignment LCCOMB_X5_Y11_N8 -to "u148"
set_location_assignment LCCOMB_X5_Y11_N10 -to "u149"
set_location_assignment LCCOMB_X5_Y11_N12 -to "u150"
set_location_assignment LCCOMB_X5_Y11_N14 -to "u151"
set_location_assignment LCCOMB_X5_Y11_N16 -to "u152"
set_location_assignment LCCOMB_X5_Y11_N18 -to "u153"
set_location_assignment LCCOMB_X5_Y11_N20 -to "u154"
set_location_assignment LCCOMB_X5_Y11_N22 -to "u155"
set_location_assignment LCCOMB_X5_Y11_N24 -to "u156"
set_location_assignment LCCOMB_X5_Y11_N26 -to "u157"
set_location_assignment LCCOMB_X5_Y11_N28 -to "u158"
set_location_assignment LCCOMB_X5_Y11_N30 -to "u159"
set_location_assignment LCCOMB_X5_Y17_N0 -to "u160"
set_location_assignment LCCOMB_X5_Y17_N2 -to "u161"
set_location_assignment LCCOMB_X5_Y17_N4 -to "u162"
set_location_assignment LCCOMB_X5_Y17_N6 -to "u163"
set_location_assignment LCCOMB_X5_Y17_N8 -to "u164"
set_location_assignment LCCOMB_X5_Y17_N10 -to "u165"
set_location_assignment LCCOMB_X5_Y17_N12 -to "u166"
set_location_assignment LCCOMB_X5_Y17_N14 -to "u167"
set_location_assignment LCCOMB_X5_Y17_N16 -to "u168"
set_location_assignment LCCOMB_X5_Y17_N18 -to "u169"
set_location_assignment LCCOMB_X5_Y17_N20 -to "u170"
set_location_assignment LCCOMB_X5_Y17_N22 -to "u171"
set_location_assignment LCCOMB_X5_Y17_N24 -to "u172"
set_location_assignment LCCOMB_X5_Y17_N26 -to "u173"
set_location_assignment LCCOMB_X5_Y17_N28 -to "u174"
set_location_assignment LCCOMB_X5_Y17_N30 -to "u175"
set_location_assignment LCCOMB_X5_Y18_N0 -to "u176"
set_location_assignment LCCOMB_X5_Y18_N2 -to "u177"
set_location_assignment LCCOMB_X5_Y18_N4 -to "u178"
set_location_assignment LCCOMB_X5_Y18_N6 -to "u179"
set_location_assignment LCCOMB_X5_Y18_N8 -to "u180"
set_location_assignment LCCOMB_X5_Y18_N10 -to "u181"
set_location_assignment LCCOMB_X5_Y18_N12 -to "u182"
set_location_assignment LCCOMB_X5_Y18_N14 -to "u183"
set_location_assignment LCCOMB_X5_Y18_N16 -to "u184"
set_location_assignment LCCOMB_X5_Y18_N18 -to "u185"
set_location_assignment LCCOMB_X5_Y18_N20 -to "u186"
set_location_assignment LCCOMB_X5_Y18_N22 -to "u187"
set_location_assignment LCCOMB_X5_Y18_N24 -to "u188"
set_location_assignment LCCOMB_X5_Y18_N26 -to "u189"
set_location_assignment LCCOMB_X5_Y18_N28 -to "u190"
set_location_assignment LCCOMB_X5_Y18_N30 -to "u191"
set_location_assignment LCCOMB_X5_Y19_N0 -to "u192"
set_location_assignment LCCOMB_X5_Y19_N2 -to "u193"
set_location_assignment LCCOMB_X5_Y19_N4 -to "u194"
set_location_assignment LCCOMB_X5_Y19_N6 -to "u195"
set_location_assignment LCCOMB_X5_Y19_N8 -to "u196"
set_location_assignment LCCOMB_X5_Y19_N10 -to "u197"
set_location_assignment LCCOMB_X5_Y19_N12 -to "u198"
set_location_assignment LCCOMB_X5_Y19_N14 -to "u199"
set_location_assignment LCCOMB_X5_Y19_N16 -to "u200"
set_location_assignment LCCOMB_X5_Y19_N18 -to "u201"
set_location_assignment LCCOMB_X5_Y19_N20 -to "u202"
set_location_assignment LCCOMB_X5_Y19_N22 -to "u203"
set_location_assignment LCCOMB_X5_Y19_N24 -to "u204"
set_location_assignment LCCOMB_X5_Y19_N26 -to "u205"
set_location_assignment LCCOMB_X5_Y19_N28 -to "u206"
set_location_assignment LCCOMB_X5_Y19_N30 -to "u207"
set_location_assignment LCCOMB_X5_Y20_N0 -to "u208"
set_location_assignment LCCOMB_X5_Y20_N2 -to "u209"
set_location_assignment LCCOMB_X5_Y20_N4 -to "u210"
set_location_assignment LCCOMB_X5_Y20_N6 -to "u211"
set_location_assignment LCCOMB_X5_Y20_N8 -to "u212"
set_location_assignment LCCOMB_X5_Y20_N10 -to "u213"
set_location_assignment LCCOMB_X5_Y20_N12 -to "u214"
set_location_assignment LCCOMB_X5_Y20_N14 -to "u215"
set_location_assignment LCCOMB_X5_Y20_N16 -to "u216"
set_location_assignment LCCOMB_X5_Y20_N18 -to "u217"
set_location_assignment LCCOMB_X5_Y20_N20 -to "u218"
set_location_assignment LCCOMB_X5_Y20_N22 -to "u219"
set_location_assignment LCCOMB_X5_Y20_N24 -to "u220"
set_location_assignment LCCOMB_X5_Y20_N26 -to "u221"
set_location_assignment LCCOMB_X5_Y20_N28 -to "u222"
set_location_assignment LCCOMB_X5_Y20_N30 -to "u223"
set_location_assignment LCCOMB_X5_Y21_N0 -to "u224"
set_location_assignment LCCOMB_X5_Y21_N2 -to "u225"
set_location_assignment LCCOMB_X5_Y21_N4 -to "u226"
set_location_assignment LCCOMB_X5_Y21_N6 -to "u227"
set_location_assignment LCCOMB_X5_Y21_N8 -to "u228"
set_location_assignment LCCOMB_X5_Y21_N10 -to "u229"
set_location_assignment LCCOMB_X5_Y21_N12 -to "u230"
set_location_assignment LCCOMB_X5_Y21_N14 -to "u231"
set_location_assignment LCCOMB_X5_Y21_N16 -to "u232"
set_location_assignment LCCOMB_X5_Y21_N18 -to "u233"
set_location_assignment LCCOMB_X5_Y21_N20 -to "u234"
set_location_assignment LCCOMB_X5_Y21_N22 -to "u235"
set_location_assignment LCCOMB_X5_Y21_N24 -to "u236"
set_location_assignment LCCOMB_X5_Y21_N26 -to "u237"
set_location_assignment LCCOMB_X5_Y21_N28 -to "u238"
set_location_assignment LCCOMB_X5_Y21_N30 -to "u239"
set_location_assignment LCCOMB_X9_Y2_N0 -to "u240"
set_location_assignment LCCOMB_X9_Y2_N2 -to "u241"
set_location_assignment LCCOMB_X9_Y2_N4 -to "u242"
set_location_assignment LCCOMB_X9_Y2_N6 -to "u243"
set_location_assignment LCCOMB_X9_Y2_N8 -to "u244"
set_location_assignment LCCOMB_X9_Y2_N10 -to "u245"
set_location_assignment LCCOMB_X9_Y2_N12 -to "u246"
set_location_assignment LCCOMB_X9_Y2_N14 -to "u247"
set_location_assignment LCCOMB_X9_Y2_N16 -to "u248"
set_location_assignment LCCOMB_X9_Y2_N18 -to "u249"
set_location_assignment LCCOMB_X9_Y2_N20 -to "u250"
set_location_assignment LCCOMB_X9_Y2_N22 -to "u251"
set_location_assignment LCCOMB_X9_Y2_N24 -to "u252"
set_location_assignment LCCOMB_X9_Y2_N26 -to "u253"
set_location_assignment LCCOMB_X9_Y2_N28 -to "u254"
set_location_assignment LCCOMB_X9_Y2_N30 -to "u255"
set_location_assignment LCCOMB_X9_Y3_N0 -to "u256"
set_location_assignment LCCOMB_X9_Y3_N2 -to "u257"
set_location_assignment LCCOMB_X9_Y3_N4 -to "u258"
set_location_assignment LCCOMB_X9_Y3_N6 -to "u259"
set_location_assignment LCCOMB_X9_Y3_N8 -to "u260"
set_location_assignment LCCOMB_X9_Y3_N10 -to "u261"
set_location_assignment LCCOMB_X9_Y3_N12 -to "u262"
set_location_assignment LCCOMB_X9_Y3_N14 -to "u263"
set_location_assignment LCCOMB_X9_Y3_N16 -to "u264"
set_location_assignment LCCOMB_X9_Y3_N18 -to "u265"
set_location_assignment LCCOMB_X9_Y3_N20 -to "u266"
set_location_assignment LCCOMB_X9_Y3_N22 -to "u267"
set_location_assignment LCCOMB_X9_Y3_N24 -to "u268"
set_location_assignment LCCOMB_X9_Y3_N26 -to "u269"
set_location_assignment LCCOMB_X9_Y3_N28 -to "u270"
set_location_assignment LCCOMB_X9_Y3_N30 -to "u271"
set_location_assignment LCCOMB_X9_Y4_N0 -to "u272"
set_location_assignment LCCOMB_X9_Y4_N2 -to "u273"
set_location_assignment LCCOMB_X9_Y4_N4 -to "u274"
set_location_assignment LCCOMB_X9_Y4_N6 -to "u275"
set_location_assignment LCCOMB_X9_Y4_N8 -to "u276"
set_location_assignment LCCOMB_X9_Y4_N10 -to "u277"
set_location_assignment LCCOMB_X9_Y4_N12 -to "u278"
set_location_assignment LCCOMB_X9_Y4_N14 -to "u279"
set_location_assignment LCCOMB_X9_Y4_N16 -to "u280"
set_location_assignment LCCOMB_X9_Y4_N18 -to "u281"
set_location_assignment LCCOMB_X9_Y4_N20 -to "u282"
set_location_assignment LCCOMB_X9_Y4_N22 -to "u283"
set_location_assignment LCCOMB_X9_Y4_N24 -to "u284"
set_location_assignment LCCOMB_X9_Y4_N26 -to "u285"
set_location_assignment LCCOMB_X9_Y4_N28 -to "u286"
set_location_assignment LCCOMB_X9_Y4_N30 -to "u287"
set_location_assignment LCCOMB_X9_Y5_N0 -to "u288"
set_location_assignment LCCOMB_X9_Y5_N2 -to "u289"
set_location_assignment LCCOMB_X9_Y5_N4 -to "u290"
set_location_assignment LCCOMB_X9_Y5_N6 -to "u291"
set_location_assignment LCCOMB_X9_Y5_N8 -to "u292"
set_location_assignment LCCOMB_X9_Y5_N10 -to "u293"
set_location_assignment LCCOMB_X9_Y5_N12 -to "u294"
set_location_assignment LCCOMB_X9_Y5_N14 -to "u295"
set_location_assignment LCCOMB_X9_Y5_N16 -to "u296"
set_location_assignment LCCOMB_X9_Y5_N18 -to "u297"
set_location_assignment LCCOMB_X9_Y5_N20 -to "u298"
set_location_assignment LCCOMB_X9_Y5_N22 -to "u299"
set_location_assignment LCCOMB_X9_Y5_N24 -to "u300"
set_location_assignment LCCOMB_X9_Y5_N26 -to "u301"
set_location_assignment LCCOMB_X9_Y5_N28 -to "u302"
set_location_assignment LCCOMB_X9_Y5_N30 -to "u303"
set_location_assignment LCCOMB_X9_Y6_N0 -to "u304"
set_location_assignment LCCOMB_X9_Y6_N2 -to "u305"
set_location_assignment LCCOMB_X9_Y6_N4 -to "u306"
set_location_assignment LCCOMB_X9_Y6_N6 -to "u307"
set_location_assignment LCCOMB_X9_Y6_N8 -to "u308"
set_location_assignment LCCOMB_X9_Y6_N10 -to "u309"
set_location_assignment LCCOMB_X9_Y6_N12 -to "u310"
set_location_assignment LCCOMB_X9_Y6_N14 -to "u311"
set_location_assignment LCCOMB_X9_Y6_N16 -to "u312"
set_location_assignment LCCOMB_X9_Y6_N18 -to "u313"
set_location_assignment LCCOMB_X9_Y6_N20 -to "u314"
set_location_assignment LCCOMB_X9_Y6_N22 -to "u315"
set_location_assignment LCCOMB_X9_Y6_N24 -to "u316"
set_location_assignment LCCOMB_X9_Y6_N26 -to "u317"
set_location_assignment LCCOMB_X9_Y6_N28 -to "u318"
set_location_assignment LCCOMB_X9_Y6_N30 -to "u319"
set_location_assignment LCCOMB_X9_Y7_N0 -to "u320"
set_location_assignment LCCOMB_X9_Y7_N2 -to "u321"
set_location_assignment LCCOMB_X9_Y7_N4 -to "u322"
set_location_assignment LCCOMB_X9_Y7_N6 -to "u323"
set_location_assignment LCCOMB_X9_Y7_N8 -to "u324"
set_location_assignment LCCOMB_X9_Y7_N10 -to "u325"
set_location_assignment LCCOMB_X9_Y7_N12 -to "u326"
set_location_assignment LCCOMB_X9_Y7_N14 -to "u327"
set_location_assignment LCCOMB_X9_Y7_N16 -to "u328"
set_location_assignment LCCOMB_X9_Y7_N18 -to "u329"
set_location_assignment LCCOMB_X9_Y7_N20 -to "u330"
set_location_assignment LCCOMB_X9_Y7_N22 -to "u331"
set_location_assignment LCCOMB_X9_Y7_N24 -to "u332"
set_location_assignment LCCOMB_X9_Y7_N26 -to "u333"
set_location_assignment LCCOMB_X9_Y7_N28 -to "u334"
set_location_assignment LCCOMB_X9_Y7_N30 -to "u335"
set_location_assignment LCCOMB_X9_Y8_N0 -to "u336"
set_location_assignment LCCOMB_X9_Y8_N2 -to "u337"
set_location_assignment LCCOMB_X9_Y8_N4 -to "u338"
set_location_assignment LCCOMB_X9_Y8_N6 -to "u339"
set_location_assignment LCCOMB_X9_Y8_N8 -to "u340"
set_location_assignment LCCOMB_X9_Y8_N10 -to "u341"
set_location_assignment LCCOMB_X9_Y8_N12 -to "u342"
set_location_assignment LCCOMB_X9_Y8_N14 -to "u343"
set_location_assignment LCCOMB_X9_Y8_N16 -to "u344"
set_location_assignment LCCOMB_X9_Y8_N18 -to "u345"
set_location_assignment LCCOMB_X9_Y8_N20 -to "u346"
set_location_assignment LCCOMB_X9_Y8_N22 -to "u347"
set_location_assignment LCCOMB_X9_Y8_N24 -to "u348"
set_location_assignment LCCOMB_X9_Y8_N26 -to "u349"
set_location_assignment LCCOMB_X9_Y8_N28 -to "u350"
set_location_assignment LCCOMB_X9_Y8_N30 -to "u351"
set_location_assignment LCCOMB_X9_Y9_N0 -to "u352"
set_location_assignment LCCOMB_X9_Y9_N2 -to "u353"
set_location_assignment LCCOMB_X9_Y9_N4 -to "u354"
set_location_assignment LCCOMB_X9_Y9_N6 -to "u355"
set_location_assignment LCCOMB_X9_Y9_N8 -to "u356"
set_location_assignment LCCOMB_X9_Y9_N10 -to "u357"
set_location_assignment LCCOMB_X9_Y9_N12 -to "u358"
set_location_assignment LCCOMB_X9_Y9_N14 -to "u359"
set_location_assignment LCCOMB_X9_Y9_N16 -to "u360"
set_location_assignment LCCOMB_X9_Y9_N18 -to "u361"
set_location_assignment LCCOMB_X9_Y9_N20 -to "u362"
set_location_assignment LCCOMB_X9_Y9_N22 -to "u363"
set_location_assignment LCCOMB_X9_Y9_N24 -to "u364"
set_location_assignment LCCOMB_X9_Y9_N26 -to "u365"
set_location_assignment LCCOMB_X9_Y9_N28 -to "u366"
set_location_assignment LCCOMB_X9_Y9_N30 -to "u367"
set_location_assignment LCCOMB_X9_Y10_N0 -to "u368"
set_location_assignment LCCOMB_X9_Y10_N2 -to "u369"
set_location_assignment LCCOMB_X9_Y10_N4 -to "u370"
set_location_assignment LCCOMB_X9_Y10_N6 -to "u371"
set_location_assignment LCCOMB_X9_Y10_N8 -to "u372"
set_location_assignment LCCOMB_X9_Y10_N10 -to "u373"
set_location_assignment LCCOMB_X9_Y10_N12 -to "u374"
set_location_assignment LCCOMB_X9_Y10_N14 -to "u375"
set_location_assignment LCCOMB_X9_Y10_N16 -to "u376"
set_location_assignment LCCOMB_X9_Y10_N18 -to "u377"
set_location_assignment LCCOMB_X9_Y10_N20 -to "u378"
set_location_assignment LCCOMB_X9_Y10_N22 -to "u379"
set_location_assignment LCCOMB_X9_Y10_N24 -to "u380"
set_location_assignment LCCOMB_X9_Y10_N26 -to "u381"
set_location_assignment LCCOMB_X9_Y10_N28 -to "u382"
set_location_assignment LCCOMB_X9_Y10_N30 -to "u383"
set_location_assignment LCCOMB_X9_Y11_N0 -to "u384"
set_location_assignment LCCOMB_X9_Y11_N2 -to "u385"
set_location_assignment LCCOMB_X9_Y11_N4 -to "u386"
set_location_assignment LCCOMB_X9_Y11_N6 -to "u387"
set_location_assignment LCCOMB_X9_Y11_N8 -to "u388"
set_location_assignment LCCOMB_X9_Y11_N10 -to "u389"
set_location_assignment LCCOMB_X9_Y11_N12 -to "u390"
set_location_assignment LCCOMB_X9_Y11_N14 -to "u391"
set_location_assignment LCCOMB_X9_Y11_N16 -to "u392"
set_location_assignment LCCOMB_X9_Y11_N18 -to "u393"
set_location_assignment LCCOMB_X9_Y11_N20 -to "u394"
set_location_assignment LCCOMB_X9_Y11_N22 -to "u395"
set_location_assignment LCCOMB_X9_Y11_N24 -to "u396"
set_location_assignment LCCOMB_X9_Y11_N26 -to "u397"
set_location_assignment LCCOMB_X9_Y11_N28 -to "u398"
set_location_assignment LCCOMB_X9_Y11_N30 -to "u399"
set_location_assignment LCCOMB_X9_Y17_N0 -to "u400"
set_location_assignment LCCOMB_X9_Y17_N2 -to "u401"
set_location_assignment LCCOMB_X9_Y17_N4 -to "u402"
set_location_assignment LCCOMB_X9_Y17_N6 -to "u403"
set_location_assignment LCCOMB_X9_Y17_N8 -to "u404"
set_location_assignment LCCOMB_X9_Y17_N10 -to "u405"
set_location_assignment LCCOMB_X9_Y17_N12 -to "u406"
set_location_assignment LCCOMB_X9_Y17_N14 -to "u407"
set_location_assignment LCCOMB_X9_Y17_N16 -to "u408"
set_location_assignment LCCOMB_X9_Y17_N18 -to "u409"
set_location_assignment LCCOMB_X9_Y17_N20 -to "u410"
set_location_assignment LCCOMB_X9_Y17_N22 -to "u411"
set_location_assignment LCCOMB_X9_Y17_N24 -to "u412"
set_location_assignment LCCOMB_X9_Y17_N26 -to "u413"
set_location_assignment LCCOMB_X9_Y17_N28 -to "u414"
set_location_assignment LCCOMB_X9_Y17_N30 -to "u415"
set_location_assignment LCCOMB_X9_Y18_N0 -to "u416"
set_location_assignment LCCOMB_X9_Y18_N2 -to "u417"
set_location_assignment LCCOMB_X9_Y18_N4 -to "u418"
set_location_assignment LCCOMB_X9_Y18_N6 -to "u419"
set_location_assignment LCCOMB_X9_Y18_N8 -to "u420"
set_location_assignment LCCOMB_X9_Y18_N10 -to "u421"
set_location_assignment LCCOMB_X9_Y18_N12 -to "u422"
set_location_assignment LCCOMB_X9_Y18_N14 -to "u423"
set_location_assignment LCCOMB_X9_Y18_N16 -to "u424"
set_location_assignment LCCOMB_X9_Y18_N18 -to "u425"
set_location_assignment LCCOMB_X9_Y18_N20 -to "u426"
set_location_assignment LCCOMB_X9_Y18_N22 -to "u427"
set_location_assignment LCCOMB_X9_Y18_N24 -to "u428"
set_location_assignment LCCOMB_X9_Y18_N26 -to "u429"
set_location_assignment LCCOMB_X9_Y18_N28 -to "u430"
set_location_assignment LCCOMB_X9_Y18_N30 -to "u431"
set_location_assignment LCCOMB_X9_Y19_N0 -to "u432"
set_location_assignment LCCOMB_X9_Y19_N2 -to "u433"
set_location_assignment LCCOMB_X9_Y19_N4 -to "u434"
set_location_assignment LCCOMB_X9_Y19_N6 -to "u435"
set_location_assignment LCCOMB_X9_Y19_N8 -to "u436"
set_location_assignment LCCOMB_X9_Y19_N10 -to "u437"
set_location_assignment LCCOMB_X9_Y19_N12 -to "u438"
set_location_assignment LCCOMB_X9_Y19_N14 -to "u439"
set_location_assignment LCCOMB_X9_Y19_N16 -to "u440"
set_location_assignment LCCOMB_X9_Y19_N18 -to "u441"
set_location_assignment LCCOMB_X9_Y19_N20 -to "u442"
set_location_assignment LCCOMB_X9_Y19_N22 -to "u443"
set_location_assignment LCCOMB_X9_Y19_N24 -to "u444"
set_location_assignment LCCOMB_X9_Y19_N26 -to "u445"
set_location_assignment LCCOMB_X9_Y19_N28 -to "u446"
set_location_assignment LCCOMB_X9_Y19_N30 -to "u447"
set_location_assignment LCCOMB_X9_Y20_N0 -to "u448"
set_location_assignment LCCOMB_X9_Y20_N2 -to "u449"
set_location_assignment LCCOMB_X9_Y20_N4 -to "u450"
set_location_assignment LCCOMB_X9_Y20_N6 -to "u451"
set_location_assignment LCCOMB_X9_Y20_N8 -to "u452"
set_location_assignment LCCOMB_X9_Y20_N10 -to "u453"
set_location_assignment LCCOMB_X9_Y20_N12 -to "u454"
set_location_assignment LCCOMB_X9_Y20_N14 -to "u455"
set_location_assignment LCCOMB_X9_Y20_N16 -to "u456"
set_location_assignment LCCOMB_X9_Y20_N18 -to "u457"
set_location_assignment LCCOMB_X9_Y20_N20 -to "u458"
set_location_assignment LCCOMB_X9_Y20_N22 -to "u459"
set_location_assignment LCCOMB_X9_Y20_N24 -to "u460"
set_location_assignment LCCOMB_X9_Y20_N26 -to "u461"
set_location_assignment LCCOMB_X9_Y20_N28 -to "u462"
set_location_assignment LCCOMB_X9_Y20_N30 -to "u463"
set_location_assignment LCCOMB_X9_Y21_N0 -to "u464"
set_location_assignment LCCOMB_X9_Y21_N2 -to "u465"
set_location_assignment LCCOMB_X9_Y21_N4 -to "u466"
set_location_assignment LCCOMB_X9_Y21_N6 -to "u467"
set_location_assignment LCCOMB_X9_Y21_N8 -to "u468"
set_location_assignment LCCOMB_X9_Y21_N10 -to "u469"
set_location_assignment LCCOMB_X9_Y21_N12 -to "u470"
set_location_assignment LCCOMB_X9_Y21_N14 -to "u471"
set_location_assignment LCCOMB_X9_Y21_N16 -to "u472"
set_location_assignment LCCOMB_X9_Y21_N18 -to "u473"
set_location_assignment LCCOMB_X9_Y21_N20 -to "u474"
set_location_assignment LCCOMB_X9_Y21_N22 -to "u475"
set_location_assignment LCCOMB_X9_Y21_N24 -to "u476"
set_location_assignment LCCOMB_X9_Y21_N26 -to "u477"
set_location_assignment LCCOMB_X9_Y21_N28 -to "u478"
set_location_assignment LCCOMB_X9_Y21_N30 -to "u479"
set_location_assignment LCCOMB_X14_Y2_N0 -to "u480"
set_location_assignment LCCOMB_X14_Y2_N2 -to "u481"
set_location_assignment LCCOMB_X14_Y2_N4 -to "u482"
set_location_assignment LCCOMB_X14_Y2_N6 -to "u483"
set_location_assignment LCCOMB_X14_Y2_N8 -to "u484"
set_location_assignment LCCOMB_X14_Y2_N10 -to "u485"
set_location_assignment LCCOMB_X14_Y2_N12 -to "u486"
set_location_assignment LCCOMB_X14_Y2_N14 -to "u487"
set_location_assignment LCCOMB_X14_Y2_N16 -to "u488"
set_location_assignment LCCOMB_X14_Y2_N18 -to "u489"
set_location_assignment LCCOMB_X14_Y2_N20 -to "u490"
set_location_assignment LCCOMB_X14_Y2_N22 -to "u491"
set_location_assignment LCCOMB_X14_Y2_N24 -to "u492"
set_location_assignment LCCOMB_X14_Y2_N26 -to "u493"
set_location_assignment LCCOMB_X14_Y2_N28 -to "u494"
set_location_assignment LCCOMB_X14_Y2_N30 -to "u495"
set_location_assignment LCCOMB_X14_Y3_N0 -to "u496"
set_location_assignment LCCOMB_X14_Y3_N2 -to "u497"
set_location_assignment LCCOMB_X14_Y3_N4 -to "u498"
set_location_assignment LCCOMB_X14_Y3_N6 -to "u499"
set_location_assignment LCCOMB_X14_Y3_N8 -to "u500"
set_location_assignment LCCOMB_X14_Y3_N10 -to "u501"
set_location_assignment LCCOMB_X14_Y3_N12 -to "u502"
set_location_assignment LCCOMB_X14_Y3_N14 -to "u503"
set_location_assignment LCCOMB_X14_Y3_N16 -to "u504"
set_location_assignment LCCOMB_X14_Y3_N18 -to "u505"
set_location_assignment LCCOMB_X14_Y3_N20 -to "u506"
set_location_assignment LCCOMB_X14_Y3_N22 -to "u507"
set_location_assignment LCCOMB_X14_Y3_N24 -to "u508"
set_location_assignment LCCOMB_X14_Y3_N26 -to "u509"
set_location_assignment LCCOMB_X14_Y3_N28 -to "u510"
set_location_assignment LCCOMB_X14_Y3_N30 -to "u511"
set_location_assignment LCCOMB_X14_Y4_N0 -to "u512"
set_location_assignment LCCOMB_X14_Y4_N2 -to "u513"
set_location_assignment LCCOMB_X14_Y4_N4 -to "u514"
set_location_assignment LCCOMB_X14_Y4_N6 -to "u515"
set_location_assignment LCCOMB_X14_Y4_N8 -to "u516"
set_location_assignment LCCOMB_X14_Y4_N10 -to "u517"
set_location_assignment LCCOMB_X14_Y4_N12 -to "u518"
set_location_assignment LCCOMB_X14_Y4_N14 -to "u519"
set_location_assignment LCCOMB_X14_Y4_N16 -to "u520"
set_location_assignment LCCOMB_X14_Y4_N18 -to "u521"
set_location_assignment LCCOMB_X14_Y4_N20 -to "u522"
set_location_assignment LCCOMB_X14_Y4_N22 -to "u523"
set_location_assignment LCCOMB_X14_Y4_N24 -to "u524"
set_location_assignment LCCOMB_X14_Y4_N26 -to "u525"
set_location_assignment LCCOMB_X14_Y4_N28 -to "u526"
set_location_assignment LCCOMB_X14_Y4_N30 -to "u527"
set_location_assignment LCCOMB_X14_Y5_N0 -to "u528"
set_location_assignment LCCOMB_X14_Y5_N2 -to "u529"
set_location_assignment LCCOMB_X14_Y5_N4 -to "u530"
set_location_assignment LCCOMB_X14_Y5_N6 -to "u531"
set_location_assignment LCCOMB_X14_Y5_N8 -to "u532"
set_location_assignment LCCOMB_X14_Y5_N10 -to "u533"
set_location_assignment LCCOMB_X14_Y5_N12 -to "u534"
set_location_assignment LCCOMB_X14_Y5_N14 -to "u535"
set_location_assignment LCCOMB_X14_Y5_N16 -to "u536"
set_location_assignment LCCOMB_X14_Y5_N18 -to "u537"
set_location_assignment LCCOMB_X14_Y5_N20 -to "u538"
set_location_assignment LCCOMB_X14_Y5_N22 -to "u539"
set_location_assignment LCCOMB_X14_Y5_N24 -to "u540"
set_location_assignment LCCOMB_X14_Y5_N26 -to "u541"
set_location_assignment LCCOMB_X14_Y5_N28 -to "u542"
set_location_assignment LCCOMB_X14_Y5_N30 -to "u543"
set_location_assignment LCCOMB_X14_Y6_N0 -to "u544"
set_location_assignment LCCOMB_X14_Y6_N2 -to "u545"
set_location_assignment LCCOMB_X14_Y6_N4 -to "u546"
set_location_assignment LCCOMB_X14_Y6_N6 -to "u547"
set_location_assignment LCCOMB_X14_Y6_N8 -to "u548"
set_location_assignment LCCOMB_X14_Y6_N10 -to "u549"
set_location_assignment LCCOMB_X14_Y6_N12 -to "u550"
set_location_assignment LCCOMB_X14_Y6_N14 -to "u551"
set_location_assignment LCCOMB_X14_Y6_N16 -to "u552"
set_location_assignment LCCOMB_X14_Y6_N18 -to "u553"
set_location_assignment LCCOMB_X14_Y6_N20 -to "u554"
set_location_assignment LCCOMB_X14_Y6_N22 -to "u555"
set_location_assignment LCCOMB_X14_Y6_N24 -to "u556"
set_location_assignment LCCOMB_X14_Y6_N26 -to "u557"
set_location_assignment LCCOMB_X14_Y6_N28 -to "u558"
set_location_assignment LCCOMB_X14_Y6_N30 -to "u559"
set_location_assignment LCCOMB_X14_Y7_N0 -to "u560"
set_location_assignment LCCOMB_X14_Y7_N2 -to "u561"
set_location_assignment LCCOMB_X14_Y7_N4 -to "u562"
set_location_assignment LCCOMB_X14_Y7_N6 -to "u563"
set_location_assignment LCCOMB_X14_Y7_N8 -to "u564"
set_location_assignment LCCOMB_X14_Y7_N10 -to "u565"
set_location_assignment LCCOMB_X14_Y7_N12 -to "u566"
set_location_assignment LCCOMB_X14_Y7_N14 -to "u567"
set_location_assignment LCCOMB_X14_Y7_N16 -to "u568"
set_location_assignment LCCOMB_X14_Y7_N18 -to "u569"
set_location_assignment LCCOMB_X14_Y7_N20 -to "u570"
set_location_assignment LCCOMB_X14_Y7_N22 -to "u571"
set_location_assignment LCCOMB_X14_Y7_N24 -to "u572"
set_location_assignment LCCOMB_X14_Y7_N26 -to "u573"
set_location_assignment LCCOMB_X14_Y7_N28 -to "u574"
set_location_assignment LCCOMB_X14_Y7_N30 -to "u575"
set_location_assignment LCCOMB_X14_Y8_N0 -to "u576"
set_location_assignment LCCOMB_X14_Y8_N2 -to "u577"
set_location_assignment LCCOMB_X14_Y8_N4 -to "u578"
set_location_assignment LCCOMB_X14_Y8_N6 -to "u579"
set_location_assignment LCCOMB_X14_Y8_N8 -to "u580"
set_location_assignment LCCOMB_X14_Y8_N10 -to "u581"
set_location_assignment LCCOMB_X14_Y8_N12 -to "u582"
set_location_assignment LCCOMB_X14_Y8_N14 -to "u583"
set_location_assignment LCCOMB_X14_Y8_N16 -to "u584"
set_location_assignment LCCOMB_X14_Y8_N18 -to "u585"
set_location_assignment LCCOMB_X14_Y8_N20 -to "u586"
set_location_assignment LCCOMB_X14_Y8_N22 -to "u587"
set_location_assignment LCCOMB_X14_Y8_N24 -to "u588"
set_location_assignment LCCOMB_X14_Y8_N26 -to "u589"
set_location_assignment LCCOMB_X14_Y8_N28 -to "u590"
set_location_assignment LCCOMB_X14_Y8_N30 -to "u591"
set_location_assignment LCCOMB_X14_Y9_N0 -to "u592"
set_location_assignment LCCOMB_X14_Y9_N2 -to "u593"
set_location_assignment LCCOMB_X14_Y9_N4 -to "u594"
set_location_assignment LCCOMB_X14_Y9_N6 -to "u595"
set_location_assignment LCCOMB_X14_Y9_N8 -to "u596"
set_location_assignment LCCOMB_X14_Y9_N10 -to "u597"
set_location_assignment LCCOMB_X14_Y9_N12 -to "u598"
set_location_assignment LCCOMB_X14_Y9_N14 -to "u599"
set_location_assignment LCCOMB_X14_Y9_N16 -to "u600"
set_location_assignment LCCOMB_X14_Y9_N18 -to "u601"
set_location_assignment LCCOMB_X14_Y9_N20 -to "u602"
set_location_assignment LCCOMB_X14_Y9_N22 -to "u603"
set_location_assignment LCCOMB_X14_Y9_N24 -to "u604"
set_location_assignment LCCOMB_X14_Y9_N26 -to "u605"
set_location_assignment LCCOMB_X14_Y9_N28 -to "u606"
set_location_assignment LCCOMB_X14_Y9_N30 -to "u607"
set_location_assignment LCCOMB_X14_Y10_N0 -to "u608"
set_location_assignment LCCOMB_X14_Y10_N2 -to "u609"
set_location_assignment LCCOMB_X14_Y10_N4 -to "u610"
set_location_assignment LCCOMB_X14_Y10_N6 -to "u611"
set_location_assignment LCCOMB_X14_Y10_N8 -to "u612"
set_location_assignment LCCOMB_X14_Y10_N10 -to "u613"
set_location_assignment LCCOMB_X14_Y10_N12 -to "u614"
set_location_assignment LCCOMB_X14_Y10_N14 -to "u615"
set_location_assignment LCCOMB_X14_Y10_N16 -to "u616"
set_location_assignment LCCOMB_X14_Y10_N18 -to "u617"
set_location_assignment LCCOMB_X14_Y10_N20 -to "u618"
set_location_assignment LCCOMB_X14_Y10_N22 -to "u619"
set_location_assignment LCCOMB_X14_Y10_N24 -to "u620"
set_location_assignment LCCOMB_X14_Y10_N26 -to "u621"
set_location_assignment LCCOMB_X14_Y10_N28 -to "u622"
set_location_assignment LCCOMB_X14_Y10_N30 -to "u623"
set_location_assignment LCCOMB_X14_Y11_N0 -to "u624"
set_location_assignment LCCOMB_X14_Y11_N2 -to "u625"
set_location_assignment LCCOMB_X14_Y11_N4 -to "u626"
set_location_assignment LCCOMB_X14_Y11_N6 -to "u627"
set_location_assignment LCCOMB_X14_Y11_N8 -to "u628"
set_location_assignment LCCOMB_X14_Y11_N10 -to "u629"
set_location_assignment LCCOMB_X14_Y11_N12 -to "u630"
set_location_assignment LCCOMB_X14_Y11_N14 -to "u631"
set_location_assignment LCCOMB_X14_Y11_N16 -to "u632"
set_location_assignment LCCOMB_X14_Y11_N18 -to "u633"
set_location_assignment LCCOMB_X14_Y11_N20 -to "u634"
set_location_assignment LCCOMB_X14_Y11_N22 -to "u635"
set_location_assignment LCCOMB_X14_Y11_N24 -to "u636"
set_location_assignment LCCOMB_X14_Y11_N26 -to "u637"
set_location_assignment LCCOMB_X14_Y11_N28 -to "u638"
set_location_assignment LCCOMB_X14_Y11_N30 -to "u639"
set_location_assignment LCCOMB_X14_Y12_N0 -to "u640"
set_location_assignment LCCOMB_X14_Y12_N2 -to "u641"
set_location_assignment LCCOMB_X14_Y12_N4 -to "u642"
set_location_assignment LCCOMB_X14_Y12_N6 -to "u643"
set_location_assignment LCCOMB_X14_Y12_N8 -to "u644"
set_location_assignment LCCOMB_X14_Y12_N10 -to "u645"
set_location_assignment LCCOMB_X14_Y12_N12 -to "u646"
set_location_assignment LCCOMB_X14_Y12_N14 -to "u647"
set_location_assignment LCCOMB_X14_Y12_N16 -to "u648"
set_location_assignment LCCOMB_X14_Y12_N18 -to "u649"
set_location_assignment LCCOMB_X14_Y12_N20 -to "u650"
set_location_assignment LCCOMB_X14_Y12_N22 -to "u651"
set_location_assignment LCCOMB_X14_Y12_N24 -to "u652"
set_location_assignment LCCOMB_X14_Y12_N26 -to "u653"
set_location_assignment LCCOMB_X14_Y12_N28 -to "u654"
set_location_assignment LCCOMB_X14_Y12_N30 -to "u655"
set_location_assignment LCCOMB_X14_Y13_N0 -to "u656"
set_location_assignment LCCOMB_X14_Y13_N2 -to "u657"
set_location_assignment LCCOMB_X14_Y13_N4 -to "u658"
set_location_assignment LCCOMB_X14_Y13_N6 -to "u659"
set_location_assignment LCCOMB_X14_Y13_N8 -to "u660"
set_location_assignment LCCOMB_X14_Y13_N10 -to "u661"
set_location_assignment LCCOMB_X14_Y13_N12 -to "u662"
set_location_assignment LCCOMB_X14_Y13_N14 -to "u663"
set_location_assignment LCCOMB_X14_Y13_N16 -to "u664"
set_location_assignment LCCOMB_X14_Y13_N18 -to "u665"
set_location_assignment LCCOMB_X14_Y13_N20 -to "u666"
set_location_assignment LCCOMB_X14_Y13_N22 -to "u667"
set_location_assignment LCCOMB_X14_Y13_N24 -to "u668"
set_location_assignment LCCOMB_X14_Y13_N26 -to "u669"
set_location_assignment LCCOMB_X14_Y13_N28 -to "u670"
set_location_assignment LCCOMB_X14_Y13_N30 -to "u671"
set_location_assignment LCCOMB_X14_Y14_N0 -to "u672"
set_location_assignment LCCOMB_X14_Y14_N2 -to "u673"
set_location_assignment LCCOMB_X14_Y14_N4 -to "u674"
set_location_assignment LCCOMB_X14_Y14_N6 -to "u675"
set_location_assignment LCCOMB_X14_Y14_N8 -to "u676"
set_location_assignment LCCOMB_X14_Y14_N10 -to "u677"
set_location_assignment LCCOMB_X14_Y14_N12 -to "u678"
set_location_assignment LCCOMB_X14_Y14_N14 -to "u679"
set_location_assignment LCCOMB_X14_Y14_N16 -to "u680"
set_location_assignment LCCOMB_X14_Y14_N18 -to "u681"
set_location_assignment LCCOMB_X14_Y14_N20 -to "u682"
set_location_assignment LCCOMB_X14_Y14_N22 -to "u683"
set_location_assignment LCCOMB_X14_Y14_N24 -to "u684"
set_location_assignment LCCOMB_X14_Y14_N26 -to "u685"
set_location_assignment LCCOMB_X14_Y14_N28 -to "u686"
set_location_assignment LCCOMB_X14_Y14_N30 -to "u687"
set_location_assignment LCCOMB_X14_Y15_N0 -to "u688"
set_location_assignment LCCOMB_X14_Y15_N2 -to "u689"
set_location_assignment LCCOMB_X14_Y15_N4 -to "u690"
set_location_assignment LCCOMB_X14_Y15_N6 -to "u691"
set_location_assignment LCCOMB_X14_Y15_N8 -to "u692"
set_location_assignment LCCOMB_X14_Y15_N10 -to "u693"
set_location_assignment LCCOMB_X14_Y15_N12 -to "u694"
set_location_assignment LCCOMB_X14_Y15_N14 -to "u695"
set_location_assignment LCCOMB_X14_Y15_N16 -to "u696"
set_location_assignment LCCOMB_X14_Y15_N18 -to "u697"
set_location_assignment LCCOMB_X14_Y15_N20 -to "u698"
set_location_assignment LCCOMB_X14_Y15_N22 -to "u699"
set_location_assignment LCCOMB_X14_Y15_N24 -to "u700"
set_location_assignment LCCOMB_X14_Y15_N26 -to "u701"
set_location_assignment LCCOMB_X14_Y15_N28 -to "u702"
set_location_assignment LCCOMB_X14_Y15_N30 -to "u703"
set_location_assignment LCCOMB_X14_Y16_N0 -to "u704"
set_location_assignment LCCOMB_X14_Y16_N2 -to "u705"
set_location_assignment LCCOMB_X14_Y16_N4 -to "u706"
set_location_assignment LCCOMB_X14_Y16_N6 -to "u707"
set_location_assignment LCCOMB_X14_Y16_N8 -to "u708"
set_location_assignment LCCOMB_X14_Y16_N10 -to "u709"
set_location_assignment LCCOMB_X14_Y16_N12 -to "u710"
set_location_assignment LCCOMB_X14_Y16_N14 -to "u711"
set_location_assignment LCCOMB_X14_Y16_N16 -to "u712"
set_location_assignment LCCOMB_X14_Y16_N18 -to "u713"
set_location_assignment LCCOMB_X14_Y16_N20 -to "u714"
set_location_assignment LCCOMB_X14_Y16_N22 -to "u715"
set_location_assignment LCCOMB_X14_Y16_N24 -to "u716"
set_location_assignment LCCOMB_X14_Y16_N26 -to "u717"
set_location_assignment LCCOMB_X14_Y16_N28 -to "u718"
set_location_assignment LCCOMB_X14_Y16_N30 -to "u719"
set_location_assignment LCCOMB_X14_Y17_N0 -to "u720"
set_location_assignment LCCOMB_X14_Y17_N2 -to "u721"
set_location_assignment LCCOMB_X14_Y17_N4 -to "u722"
set_location_assignment LCCOMB_X14_Y17_N6 -to "u723"
set_location_assignment LCCOMB_X14_Y17_N8 -to "u724"
set_location_assignment LCCOMB_X14_Y17_N10 -to "u725"
set_location_assignment LCCOMB_X14_Y17_N12 -to "u726"
set_location_assignment LCCOMB_X14_Y17_N14 -to "u727"
set_location_assignment LCCOMB_X14_Y17_N16 -to "u728"
set_location_assignment LCCOMB_X14_Y17_N18 -to "u729"
set_location_assignment LCCOMB_X14_Y17_N20 -to "u730"
set_location_assignment LCCOMB_X14_Y17_N22 -to "u731"
set_location_assignment LCCOMB_X14_Y17_N24 -to "u732"
set_location_assignment LCCOMB_X14_Y17_N26 -to "u733"
set_location_assignment LCCOMB_X14_Y17_N28 -to "u734"
set_location_assignment LCCOMB_X14_Y17_N30 -to "u735"
set_location_assignment LCCOMB_X14_Y18_N0 -to "u736"
set_location_assignment LCCOMB_X14_Y18_N2 -to "u737"
set_location_assignment LCCOMB_X14_Y18_N4 -to "u738"
set_location_assignment LCCOMB_X14_Y18_N6 -to "u739"
set_location_assignment LCCOMB_X14_Y18_N8 -to "u740"
set_location_assignment LCCOMB_X14_Y18_N10 -to "u741"
set_location_assignment LCCOMB_X14_Y18_N12 -to "u742"
set_location_assignment LCCOMB_X14_Y18_N14 -to "u743"
set_location_assignment LCCOMB_X14_Y18_N16 -to "u744"
set_location_assignment LCCOMB_X14_Y18_N18 -to "u745"
set_location_assignment LCCOMB_X14_Y18_N20 -to "u746"
set_location_assignment LCCOMB_X14_Y18_N22 -to "u747"
set_location_assignment LCCOMB_X14_Y18_N24 -to "u748"
set_location_assignment LCCOMB_X14_Y18_N26 -to "u749"
set_location_assignment LCCOMB_X14_Y18_N28 -to "u750"
set_location_assignment LCCOMB_X14_Y18_N30 -to "u751"
set_location_assignment LCCOMB_X14_Y19_N0 -to "u752"
set_location_assignment LCCOMB_X14_Y19_N2 -to "u753"
set_location_assignment LCCOMB_X14_Y19_N4 -to "u754"
set_location_assignment LCCOMB_X14_Y19_N6 -to "u755"
set_location_assignment LCCOMB_X14_Y19_N8 -to "u756"
set_location_assignment LCCOMB_X14_Y19_N10 -to "u757"
set_location_assignment LCCOMB_X14_Y19_N12 -to "u758"
set_location_assignment LCCOMB_X14_Y19_N14 -to "u759"
set_location_assignment LCCOMB_X14_Y19_N16 -to "u760"
set_location_assignment LCCOMB_X14_Y19_N18 -to "u761"
set_location_assignment LCCOMB_X14_Y19_N20 -to "u762"
set_location_assignment LCCOMB_X14_Y19_N22 -to "u763"
set_location_assignment LCCOMB_X14_Y19_N24 -to "u764"
set_location_assignment LCCOMB_X14_Y19_N26 -to "u765"
set_location_assignment LCCOMB_X14_Y19_N28 -to "u766"
set_location_assignment LCCOMB_X14_Y19_N30 -to "u767"
set_location_assignment LCCOMB_X14_Y20_N0 -to "u768"
set_location_assignment LCCOMB_X14_Y20_N2 -to "u769"
set_location_assignment LCCOMB_X14_Y20_N4 -to "u770"
set_location_assignment LCCOMB_X14_Y20_N6 -to "u771"
set_location_assignment LCCOMB_X14_Y20_N8 -to "u772"
set_location_assignment LCCOMB_X14_Y20_N10 -to "u773"
set_location_assignment LCCOMB_X14_Y20_N12 -to "u774"
set_location_assignment LCCOMB_X14_Y20_N14 -to "u775"
set_location_assignment LCCOMB_X14_Y20_N16 -to "u776"
set_location_assignment LCCOMB_X14_Y20_N18 -to "u777"
set_location_assignment LCCOMB_X14_Y20_N20 -to "u778"
set_location_assignment LCCOMB_X14_Y20_N22 -to "u779"
set_location_assignment LCCOMB_X14_Y20_N24 -to "u780"
set_location_assignment LCCOMB_X14_Y20_N26 -to "u781"
set_location_assignment LCCOMB_X14_Y20_N28 -to "u782"
set_location_assignment LCCOMB_X14_Y20_N30 -to "u783"
set_location_assignment LCCOMB_X14_Y21_N0 -to "u784"
set_location_assignment LCCOMB_X14_Y21_N2 -to "u785"
set_location_assignment LCCOMB_X14_Y21_N4 -to "u786"
set_location_assignment LCCOMB_X14_Y21_N6 -to "u787"
set_location_assignment LCCOMB_X14_Y21_N8 -to "u788"
set_location_assignment LCCOMB_X14_Y21_N10 -to "u789"
set_location_assignment LCCOMB_X14_Y21_N12 -to "u790"
set_location_assignment LCCOMB_X14_Y21_N14 -to "u791"
set_location_assignment LCCOMB_X14_Y21_N16 -to "u792"
set_location_assignment LCCOMB_X14_Y21_N18 -to "u793"
set_location_assignment LCCOMB_X14_Y21_N20 -to "u794"
set_location_assignment LCCOMB_X14_Y21_N22 -to "u795"
set_location_assignment LCCOMB_X14_Y21_N24 -to "u796"
set_location_assignment LCCOMB_X14_Y21_N26 -to "u797"
set_location_assignment LCCOMB_X14_Y21_N28 -to "u798"
set_location_assignment LCCOMB_X14_Y21_N30 -to "u799"
set_location_assignment LCCOMB_X30_Y2_N0 -to "u800"
set_location_assignment LCCOMB_X30_Y2_N2 -to "u801"
set_location_assignment LCCOMB_X30_Y2_N4 -to "u802"
set_location_assignment LCCOMB_X30_Y2_N6 -to "u803"
set_location_assignment LCCOMB_X30_Y2_N8 -to "u804"
set_location_assignment LCCOMB_X30_Y2_N10 -to "u805"
set_location_assignment LCCOMB_X30_Y2_N12 -to "u806"
set_location_assignment LCCOMB_X30_Y2_N14 -to "u807"
set_location_assignment LCCOMB_X30_Y2_N16 -to "u808"
set_location_assignment LCCOMB_X30_Y2_N18 -to "u809"
set_location_assignment LCCOMB_X30_Y2_N20 -to "u810"
set_location_assignment LCCOMB_X30_Y2_N22 -to "u811"
set_location_assignment LCCOMB_X30_Y2_N24 -to "u812"
set_location_assignment LCCOMB_X30_Y2_N26 -to "u813"
set_location_assignment LCCOMB_X30_Y2_N28 -to "u814"
set_location_assignment LCCOMB_X30_Y2_N30 -to "u815"
set_location_assignment LCCOMB_X30_Y3_N0 -to "u816"
set_location_assignment LCCOMB_X30_Y3_N2 -to "u817"
set_location_assignment LCCOMB_X30_Y3_N4 -to "u818"
set_location_assignment LCCOMB_X30_Y3_N6 -to "u819"
set_location_assignment LCCOMB_X30_Y3_N8 -to "u820"
set_location_assignment LCCOMB_X30_Y3_N10 -to "u821"
set_location_assignment LCCOMB_X30_Y3_N12 -to "u822"
set_location_assignment LCCOMB_X30_Y3_N14 -to "u823"
set_location_assignment LCCOMB_X30_Y3_N16 -to "u824"
set_location_assignment LCCOMB_X30_Y3_N18 -to "u825"
set_location_assignment LCCOMB_X30_Y3_N20 -to "u826"
set_location_assignment LCCOMB_X30_Y3_N22 -to "u827"
set_location_assignment LCCOMB_X30_Y3_N24 -to "u828"
set_location_assignment LCCOMB_X30_Y3_N26 -to "u829"
set_location_assignment LCCOMB_X30_Y3_N28 -to "u830"
set_location_assignment LCCOMB_X30_Y3_N30 -to "u831"
set_location_assignment LCCOMB_X30_Y4_N0 -to "u832"
set_location_assignment LCCOMB_X30_Y4_N2 -to "u833"
set_location_assignment LCCOMB_X30_Y4_N4 -to "u834"
set_location_assignment LCCOMB_X30_Y4_N6 -to "u835"
set_location_assignment LCCOMB_X30_Y4_N8 -to "u836"
set_location_assignment LCCOMB_X30_Y4_N10 -to "u837"
set_location_assignment LCCOMB_X30_Y4_N12 -to "u838"
set_location_assignment LCCOMB_X30_Y4_N14 -to "u839"
set_location_assignment LCCOMB_X30_Y4_N16 -to "u840"
set_location_assignment LCCOMB_X30_Y4_N18 -to "u841"
set_location_assignment LCCOMB_X30_Y4_N20 -to "u842"
set_location_assignment LCCOMB_X30_Y4_N22 -to "u843"
set_location_assignment LCCOMB_X30_Y4_N24 -to "u844"
set_location_assignment LCCOMB_X30_Y4_N26 -to "u845"
set_location_assignment LCCOMB_X30_Y4_N28 -to "u846"
set_location_assignment LCCOMB_X30_Y4_N30 -to "u847"
set_location_assignment LCCOMB_X30_Y5_N0 -to "u848"
set_location_assignment LCCOMB_X30_Y5_N2 -to "u849"
set_location_assignment LCCOMB_X30_Y5_N4 -to "u850"
set_location_assignment LCCOMB_X30_Y5_N6 -to "u851"
set_location_assignment LCCOMB_X30_Y5_N8 -to "u852"
set_location_assignment LCCOMB_X30_Y5_N10 -to "u853"
set_location_assignment LCCOMB_X30_Y5_N12 -to "u854"
set_location_assignment LCCOMB_X30_Y5_N14 -to "u855"
set_location_assignment LCCOMB_X30_Y5_N16 -to "u856"
set_location_assignment LCCOMB_X30_Y5_N18 -to "u857"
set_location_assignment LCCOMB_X30_Y5_N20 -to "u858"
set_location_assignment LCCOMB_X30_Y5_N22 -to "u859"
set_location_assignment LCCOMB_X30_Y5_N24 -to "u860"
set_location_assignment LCCOMB_X30_Y5_N26 -to "u861"
set_location_assignment LCCOMB_X30_Y5_N28 -to "u862"
set_location_assignment LCCOMB_X30_Y5_N30 -to "u863"
set_location_assignment LCCOMB_X30_Y6_N0 -to "u864"
set_location_assignment LCCOMB_X30_Y6_N2 -to "u865"
set_location_assignment LCCOMB_X30_Y6_N4 -to "u866"
set_location_assignment LCCOMB_X30_Y6_N6 -to "u867"
set_location_assignment LCCOMB_X30_Y6_N8 -to "u868"
set_location_assignment LCCOMB_X30_Y6_N10 -to "u869"
set_location_assignment LCCOMB_X30_Y6_N12 -to "u870"
set_location_assignment LCCOMB_X30_Y6_N14 -to "u871"
set_location_assignment LCCOMB_X30_Y6_N16 -to "u872"
set_location_assignment LCCOMB_X30_Y6_N18 -to "u873"
set_location_assignment LCCOMB_X30_Y6_N20 -to "u874"
set_location_assignment LCCOMB_X30_Y6_N22 -to "u875"
set_location_assignment LCCOMB_X30_Y6_N24 -to "u876"
set_location_assignment LCCOMB_X30_Y6_N26 -to "u877"
set_location_assignment LCCOMB_X30_Y6_N28 -to "u878"
set_location_assignment LCCOMB_X30_Y6_N30 -to "u879"
set_location_assignment LCCOMB_X30_Y7_N0 -to "u880"
set_location_assignment LCCOMB_X30_Y7_N2 -to "u881"
set_location_assignment LCCOMB_X30_Y7_N4 -to "u882"
set_location_assignment LCCOMB_X30_Y7_N6 -to "u883"
set_location_assignment LCCOMB_X30_Y7_N8 -to "u884"
set_location_assignment LCCOMB_X30_Y7_N10 -to "u885"
set_location_assignment LCCOMB_X30_Y7_N12 -to "u886"
set_location_assignment LCCOMB_X30_Y7_N14 -to "u887"
set_location_assignment LCCOMB_X30_Y7_N16 -to "u888"
set_location_assignment LCCOMB_X30_Y7_N18 -to "u889"
set_location_assignment LCCOMB_X30_Y7_N20 -to "u890"
set_location_assignment LCCOMB_X30_Y7_N22 -to "u891"
set_location_assignment LCCOMB_X30_Y7_N24 -to "u892"
set_location_assignment LCCOMB_X30_Y7_N26 -to "u893"
set_location_assignment LCCOMB_X30_Y7_N28 -to "u894"
set_location_assignment LCCOMB_X30_Y7_N30 -to "u895"
set_location_assignment LCCOMB_X30_Y8_N0 -to "u896"
set_location_assignment LCCOMB_X30_Y8_N2 -to "u897"
set_location_assignment LCCOMB_X30_Y8_N4 -to "u898"
set_location_assignment LCCOMB_X30_Y8_N6 -to "u899"
set_location_assignment LCCOMB_X30_Y8_N8 -to "u900"
set_location_assignment LCCOMB_X30_Y8_N10 -to "u901"
set_location_assignment LCCOMB_X30_Y8_N12 -to "u902"
set_location_assignment LCCOMB_X30_Y8_N14 -to "u903"
set_location_assignment LCCOMB_X30_Y8_N16 -to "u904"
set_location_assignment LCCOMB_X30_Y8_N18 -to "u905"
set_location_assignment LCCOMB_X30_Y8_N20 -to "u906"
set_location_assignment LCCOMB_X30_Y8_N22 -to "u907"
set_location_assignment LCCOMB_X30_Y8_N24 -to "u908"
set_location_assignment LCCOMB_X30_Y8_N26 -to "u909"
set_location_assignment LCCOMB_X30_Y8_N28 -to "u910"
set_location_assignment LCCOMB_X30_Y8_N30 -to "u911"
set_location_assignment LCCOMB_X30_Y9_N0 -to "u912"
set_location_assignment LCCOMB_X30_Y9_N2 -to "u913"
set_location_assignment LCCOMB_X30_Y9_N4 -to "u914"
set_location_assignment LCCOMB_X30_Y9_N6 -to "u915"
set_location_assignment LCCOMB_X30_Y9_N8 -to "u916"
set_location_assignment LCCOMB_X30_Y9_N10 -to "u917"
set_location_assignment LCCOMB_X30_Y9_N12 -to "u918"
set_location_assignment LCCOMB_X30_Y9_N14 -to "u919"
set_location_assignment LCCOMB_X30_Y9_N16 -to "u920"
set_location_assignment LCCOMB_X30_Y9_N18 -to "u921"
set_location_assignment LCCOMB_X30_Y9_N20 -to "u922"
set_location_assignment LCCOMB_X30_Y9_N22 -to "u923"
set_location_assignment LCCOMB_X30_Y9_N24 -to "u924"
set_location_assignment LCCOMB_X30_Y9_N26 -to "u925"
set_location_assignment LCCOMB_X30_Y9_N28 -to "u926"
set_location_assignment LCCOMB_X30_Y9_N30 -to "u927"
set_location_assignment LCCOMB_X30_Y10_N0 -to "u928"
set_location_assignment LCCOMB_X30_Y10_N2 -to "u929"
set_location_assignment LCCOMB_X30_Y10_N4 -to "u930"
set_location_assignment LCCOMB_X30_Y10_N6 -to "u931"
set_location_assignment LCCOMB_X30_Y10_N8 -to "u932"
set_location_assignment LCCOMB_X30_Y10_N10 -to "u933"
set_location_assignment LCCOMB_X30_Y10_N12 -to "u934"
set_location_assignment LCCOMB_X30_Y10_N14 -to "u935"
set_location_assignment LCCOMB_X30_Y10_N16 -to "u936"
set_location_assignment LCCOMB_X30_Y10_N18 -to "u937"
set_location_assignment LCCOMB_X30_Y10_N20 -to "u938"
set_location_assignment LCCOMB_X30_Y10_N22 -to "u939"
set_location_assignment LCCOMB_X30_Y10_N24 -to "u940"
set_location_assignment LCCOMB_X30_Y10_N26 -to "u941"
set_location_assignment LCCOMB_X30_Y10_N28 -to "u942"
set_location_assignment LCCOMB_X30_Y10_N30 -to "u943"
set_location_assignment LCCOMB_X30_Y11_N0 -to "u944"
set_location_assignment LCCOMB_X30_Y11_N2 -to "u945"
set_location_assignment LCCOMB_X30_Y11_N4 -to "u946"
set_location_assignment LCCOMB_X30_Y11_N6 -to "u947"
set_location_assignment LCCOMB_X30_Y11_N8 -to "u948"
set_location_assignment LCCOMB_X30_Y11_N10 -to "u949"
set_location_assignment LCCOMB_X30_Y11_N12 -to "u950"
set_location_assignment LCCOMB_X30_Y11_N14 -to "u951"
set_location_assignment LCCOMB_X30_Y11_N16 -to "u952"
set_location_assignment LCCOMB_X30_Y11_N18 -to "u953"
set_location_assignment LCCOMB_X30_Y11_N20 -to "u954"
set_location_assignment LCCOMB_X30_Y11_N22 -to "u955"
set_location_assignment LCCOMB_X30_Y11_N24 -to "u956"
set_location_assignment LCCOMB_X30_Y11_N26 -to "u957"
set_location_assignment LCCOMB_X30_Y11_N28 -to "u958"
set_location_assignment LCCOMB_X30_Y11_N30 -to "u959"
set_location_assignment LCCOMB_X30_Y12_N0 -to "u960"
set_location_assignment LCCOMB_X30_Y12_N2 -to "u961"
set_location_assignment LCCOMB_X30_Y12_N4 -to "u962"
set_location_assignment LCCOMB_X30_Y12_N6 -to "u963"
set_location_assignment LCCOMB_X30_Y12_N8 -to "u964"
set_location_assignment LCCOMB_X30_Y12_N10 -to "u965"
set_location_assignment LCCOMB_X30_Y12_N12 -to "u966"
set_location_assignment LCCOMB_X30_Y12_N14 -to "u967"
set_location_assignment LCCOMB_X30_Y12_N16 -to "u968"
set_location_assignment LCCOMB_X30_Y12_N18 -to "u969"
set_location_assignment LCCOMB_X30_Y12_N20 -to "u970"
set_location_assignment LCCOMB_X30_Y12_N22 -to "u971"
set_location_assignment LCCOMB_X30_Y12_N24 -to "u972"
set_location_assignment LCCOMB_X30_Y12_N26 -to "u973"
set_location_assignment LCCOMB_X30_Y12_N28 -to "u974"
set_location_assignment LCCOMB_X30_Y12_N30 -to "u975"
set_location_assignment LCCOMB_X30_Y13_N0 -to "u976"
set_location_assignment LCCOMB_X30_Y13_N2 -to "u977"
set_location_assignment LCCOMB_X30_Y13_N4 -to "u978"
set_location_assignment LCCOMB_X30_Y13_N6 -to "u979"
set_location_assignment LCCOMB_X30_Y13_N8 -to "u980"
set_location_assignment LCCOMB_X30_Y13_N10 -to "u981"
set_location_assignment LCCOMB_X30_Y13_N12 -to "u982"
set_location_assignment LCCOMB_X30_Y13_N14 -to "u983"
set_location_assignment LCCOMB_X30_Y13_N16 -to "u984"
set_location_assignment LCCOMB_X30_Y13_N18 -to "u985"
set_location_assignment LCCOMB_X30_Y13_N20 -to "u986"
set_location_assignment LCCOMB_X30_Y13_N22 -to "u987"
set_location_assignment LCCOMB_X30_Y13_N24 -to "u988"
set_location_assignment LCCOMB_X30_Y13_N26 -to "u989"
set_location_assignment LCCOMB_X30_Y13_N28 -to "u990"
set_location_assignment LCCOMB_X30_Y13_N30 -to "u991"
set_location_assignment LCCOMB_X30_Y14_N0 -to "u992"
set_location_assignment LCCOMB_X30_Y14_N2 -to "u993"
set_location_assignment LCCOMB_X30_Y14_N4 -to "u994"
set_location_assignment LCCOMB_X30_Y14_N6 -to "u995"
set_location_assignment LCCOMB_X30_Y14_N8 -to "u996"
set_location_assignment LCCOMB_X30_Y14_N10 -to "u997"
set_location_assignment LCCOMB_X30_Y14_N12 -to "u998"
set_location_assignment LCCOMB_X30_Y14_N14 -to "u999"
set_location_assignment LCCOMB_X30_Y14_N16 -to "u1000"
set_location_assignment LCCOMB_X30_Y14_N18 -to "u1001"
set_location_assignment LCCOMB_X30_Y14_N20 -to "u1002"
set_location_assignment LCCOMB_X30_Y14_N22 -to "u1003"
set_location_assignment LCCOMB_X30_Y14_N24 -to "u1004"
set_location_assignment LCCOMB_X30_Y14_N26 -to "u1005"
set_location_assignment LCCOMB_X30_Y14_N28 -to "u1006"
set_location_assignment LCCOMB_X30_Y14_N30 -to "u1007"
set_location_assignment LCCOMB_X30_Y15_N0 -to "u1008"
set_location_assignment LCCOMB_X30_Y15_N2 -to "u1009"
set_location_assignment LCCOMB_X30_Y15_N4 -to "u1010"
set_location_assignment LCCOMB_X30_Y15_N6 -to "u1011"
set_location_assignment LCCOMB_X30_Y15_N8 -to "u1012"
set_location_assignment LCCOMB_X30_Y15_N10 -to "u1013"
set_location_assignment LCCOMB_X30_Y15_N12 -to "u1014"
set_location_assignment LCCOMB_X30_Y15_N14 -to "u1015"
set_location_assignment LCCOMB_X30_Y15_N16 -to "u1016"
set_location_assignment LCCOMB_X30_Y15_N18 -to "u1017"
set_location_assignment LCCOMB_X30_Y15_N20 -to "u1018"
set_location_assignment LCCOMB_X30_Y15_N22 -to "u1019"
set_location_assignment LCCOMB_X30_Y15_N24 -to "u1020"
set_location_assignment LCCOMB_X30_Y15_N26 -to "u1021"
set_location_assignment LCCOMB_X30_Y15_N28 -to "u1022"
set_location_assignment LCCOMB_X30_Y15_N30 -to "u1023"
set_location_assignment LCCOMB_X30_Y16_N0 -to "u1024"
set_location_assignment LCCOMB_X30_Y16_N2 -to "u1025"
set_location_assignment LCCOMB_X30_Y16_N4 -to "u1026"
set_location_assignment LCCOMB_X30_Y16_N6 -to "u1027"
set_location_assignment LCCOMB_X30_Y16_N8 -to "u1028"
set_location_assignment LCCOMB_X30_Y16_N10 -to "u1029"
set_location_assignment LCCOMB_X30_Y16_N12 -to "u1030"
set_location_assignment LCCOMB_X30_Y16_N14 -to "u1031"
set_location_assignment LCCOMB_X30_Y16_N16 -to "u1032"
set_location_assignment LCCOMB_X30_Y16_N18 -to "u1033"
set_location_assignment LCCOMB_X30_Y16_N20 -to "u1034"
set_location_assignment LCCOMB_X30_Y16_N22 -to "u1035"
set_location_assignment LCCOMB_X30_Y16_N24 -to "u1036"
set_location_assignment LCCOMB_X30_Y16_N26 -to "u1037"
set_location_assignment LCCOMB_X30_Y16_N28 -to "u1038"
set_location_assignment LCCOMB_X30_Y16_N30 -to "u1039"
set_location_assignment LCCOMB_X30_Y17_N0 -to "u1040"
set_location_assignment LCCOMB_X30_Y17_N2 -to "u1041"
set_location_assignment LCCOMB_X30_Y17_N4 -to "u1042"
set_location_assignment LCCOMB_X30_Y17_N6 -to "u1043"
set_location_assignment LCCOMB_X30_Y17_N8 -to "u1044"
set_location_assignment LCCOMB_X30_Y17_N10 -to "u1045"
set_location_assignment LCCOMB_X30_Y17_N12 -to "u1046"
set_location_assignment LCCOMB_X30_Y17_N14 -to "u1047"
set_location_assignment LCCOMB_X30_Y17_N16 -to "u1048"
set_location_assignment LCCOMB_X30_Y17_N18 -to "u1049"
set_location_assignment LCCOMB_X30_Y17_N20 -to "u1050"
set_location_assignment LCCOMB_X30_Y17_N22 -to "u1051"
set_location_assignment LCCOMB_X30_Y17_N24 -to "u1052"
set_location_assignment LCCOMB_X30_Y17_N26 -to "u1053"
set_location_assignment LCCOMB_X30_Y17_N28 -to "u1054"
set_location_assignment LCCOMB_X30_Y17_N30 -to "u1055"
set_location_assignment LCCOMB_X30_Y18_N0 -to "u1056"
set_location_assignment LCCOMB_X30_Y18_N2 -to "u1057"
set_location_assignment LCCOMB_X30_Y18_N4 -to "u1058"
set_location_assignment LCCOMB_X30_Y18_N6 -to "u1059"
set_location_assignment LCCOMB_X30_Y18_N8 -to "u1060"
set_location_assignment LCCOMB_X30_Y18_N10 -to "u1061"
set_location_assignment LCCOMB_X30_Y18_N12 -to "u1062"
set_location_assignment LCCOMB_X30_Y18_N14 -to "u1063"
set_location_assignment LCCOMB_X30_Y18_N16 -to "u1064"
set_location_assignment LCCOMB_X30_Y18_N18 -to "u1065"
set_location_assignment LCCOMB_X30_Y18_N20 -to "u1066"
set_location_assignment LCCOMB_X30_Y18_N22 -to "u1067"
set_location_assignment LCCOMB_X30_Y18_N24 -to "u1068"
set_location_assignment LCCOMB_X30_Y18_N26 -to "u1069"
set_location_assignment LCCOMB_X30_Y18_N28 -to "u1070"
set_location_assignment LCCOMB_X30_Y18_N30 -to "u1071"
set_location_assignment LCCOMB_X30_Y19_N0 -to "u1072"
set_location_assignment LCCOMB_X30_Y19_N2 -to "u1073"
set_location_assignment LCCOMB_X30_Y19_N4 -to "u1074"
set_location_assignment LCCOMB_X30_Y19_N6 -to "u1075"
set_location_assignment LCCOMB_X30_Y19_N8 -to "u1076"
set_location_assignment LCCOMB_X30_Y19_N10 -to "u1077"
set_location_assignment LCCOMB_X30_Y19_N12 -to "u1078"
set_location_assignment LCCOMB_X30_Y19_N14 -to "u1079"
set_location_assignment LCCOMB_X30_Y19_N16 -to "u1080"
set_location_assignment LCCOMB_X30_Y19_N18 -to "u1081"
set_location_assignment LCCOMB_X30_Y19_N20 -to "u1082"
set_location_assignment LCCOMB_X30_Y19_N22 -to "u1083"
set_location_assignment LCCOMB_X30_Y19_N24 -to "u1084"
set_location_assignment LCCOMB_X30_Y19_N26 -to "u1085"
set_location_assignment LCCOMB_X30_Y19_N28 -to "u1086"
set_location_assignment LCCOMB_X30_Y19_N30 -to "u1087"
set_location_assignment LCCOMB_X30_Y20_N0 -to "u1088"
set_location_assignment LCCOMB_X30_Y20_N2 -to "u1089"
set_location_assignment LCCOMB_X30_Y20_N4 -to "u1090"
set_location_assignment LCCOMB_X30_Y20_N6 -to "u1091"
set_location_assignment LCCOMB_X30_Y20_N8 -to "u1092"
set_location_assignment LCCOMB_X30_Y20_N10 -to "u1093"
set_location_assignment LCCOMB_X30_Y20_N12 -to "u1094"
set_location_assignment LCCOMB_X30_Y20_N14 -to "u1095"
set_location_assignment LCCOMB_X30_Y20_N16 -to "u1096"
set_location_assignment LCCOMB_X30_Y20_N18 -to "u1097"
set_location_assignment LCCOMB_X30_Y20_N20 -to "u1098"
set_location_assignment LCCOMB_X30_Y20_N22 -to "u1099"
set_location_assignment LCCOMB_X30_Y20_N24 -to "u1100"
set_location_assignment LCCOMB_X30_Y20_N26 -to "u1101"
set_location_assignment LCCOMB_X30_Y20_N28 -to "u1102"
set_location_assignment LCCOMB_X30_Y20_N30 -to "u1103"
set_location_assignment LCCOMB_X30_Y21_N0 -to "u1104"
set_location_assignment LCCOMB_X30_Y21_N2 -to "u1105"
set_location_assignment LCCOMB_X30_Y21_N4 -to "u1106"
set_location_assignment LCCOMB_X30_Y21_N6 -to "u1107"
set_location_assignment LCCOMB_X30_Y21_N8 -to "u1108"
set_location_assignment LCCOMB_X30_Y21_N10 -to "u1109"
set_location_assignment LCCOMB_X30_Y21_N12 -to "u1110"
set_location_assignment LCCOMB_X30_Y21_N14 -to "u1111"
set_location_assignment LCCOMB_X30_Y21_N16 -to "u1112"
set_location_assignment LCCOMB_X30_Y21_N18 -to "u1113"
set_location_assignment LCCOMB_X30_Y21_N20 -to "u1114"
set_location_assignment LCCOMB_X30_Y21_N22 -to "u1115"
set_location_assignment LCCOMB_X30_Y21_N24 -to "u1116"
set_location_assignment LCCOMB_X30_Y21_N26 -to "u1117"
set_location_assignment LCCOMB_X30_Y21_N28 -to "u1118"
set_location_assignment LCCOMB_X30_Y21_N30 -to "u1119"
set_location_assignment LCCOMB_X32_Y2_N0 -to "u1120"
set_location_assignment LCCOMB_X32_Y2_N2 -to "u1121"
set_location_assignment LCCOMB_X32_Y2_N4 -to "u1122"
set_location_assignment LCCOMB_X32_Y2_N6 -to "u1123"
set_location_assignment LCCOMB_X32_Y2_N8 -to "u1124"
set_location_assignment LCCOMB_X32_Y2_N10 -to "u1125"
set_location_assignment LCCOMB_X32_Y2_N12 -to "u1126"
set_location_assignment LCCOMB_X32_Y2_N14 -to "u1127"
set_location_assignment LCCOMB_X32_Y2_N16 -to "u1128"
set_location_assignment LCCOMB_X32_Y2_N18 -to "u1129"
set_location_assignment LCCOMB_X32_Y2_N20 -to "u1130"
set_location_assignment LCCOMB_X32_Y2_N22 -to "u1131"
set_location_assignment LCCOMB_X32_Y2_N24 -to "u1132"
set_location_assignment LCCOMB_X32_Y2_N26 -to "u1133"
set_location_assignment LCCOMB_X32_Y2_N28 -to "u1134"
set_location_assignment LCCOMB_X32_Y2_N30 -to "u1135"
set_location_assignment LCCOMB_X32_Y3_N0 -to "u1136"
set_location_assignment LCCOMB_X32_Y3_N2 -to "u1137"
set_location_assignment LCCOMB_X32_Y3_N4 -to "u1138"
set_location_assignment LCCOMB_X32_Y3_N6 -to "u1139"
set_location_assignment LCCOMB_X32_Y3_N8 -to "u1140"
set_location_assignment LCCOMB_X32_Y3_N10 -to "u1141"
set_location_assignment LCCOMB_X32_Y3_N12 -to "u1142"
set_location_assignment LCCOMB_X32_Y3_N14 -to "u1143"
set_location_assignment LCCOMB_X32_Y3_N16 -to "u1144"
set_location_assignment LCCOMB_X32_Y3_N18 -to "u1145"
set_location_assignment LCCOMB_X32_Y3_N20 -to "u1146"
set_location_assignment LCCOMB_X32_Y3_N22 -to "u1147"
set_location_assignment LCCOMB_X32_Y3_N24 -to "u1148"
set_location_assignment LCCOMB_X32_Y3_N26 -to "u1149"
set_location_assignment LCCOMB_X32_Y3_N28 -to "u1150"
set_location_assignment LCCOMB_X32_Y3_N30 -to "u1151"
set_location_assignment LCCOMB_X32_Y4_N0 -to "u1152"
set_location_assignment LCCOMB_X32_Y4_N2 -to "u1153"
set_location_assignment LCCOMB_X32_Y4_N4 -to "u1154"
set_location_assignment LCCOMB_X32_Y4_N6 -to "u1155"
set_location_assignment LCCOMB_X32_Y4_N8 -to "u1156"
set_location_assignment LCCOMB_X32_Y4_N10 -to "u1157"
set_location_assignment LCCOMB_X32_Y4_N12 -to "u1158"
set_location_assignment LCCOMB_X32_Y4_N14 -to "u1159"
set_location_assignment LCCOMB_X32_Y4_N16 -to "u1160"
set_location_assignment LCCOMB_X32_Y4_N18 -to "u1161"
set_location_assignment LCCOMB_X32_Y4_N20 -to "u1162"
set_location_assignment LCCOMB_X32_Y4_N22 -to "u1163"
set_location_assignment LCCOMB_X32_Y4_N24 -to "u1164"
set_location_assignment LCCOMB_X32_Y4_N26 -to "u1165"
set_location_assignment LCCOMB_X32_Y4_N28 -to "u1166"
set_location_assignment LCCOMB_X32_Y4_N30 -to "u1167"
set_location_assignment LCCOMB_X32_Y5_N0 -to "u1168"
set_location_assignment LCCOMB_X32_Y5_N2 -to "u1169"
set_location_assignment LCCOMB_X32_Y5_N4 -to "u1170"
set_location_assignment LCCOMB_X32_Y5_N6 -to "u1171"
set_location_assignment LCCOMB_X32_Y5_N8 -to "u1172"
set_location_assignment LCCOMB_X32_Y5_N10 -to "u1173"
set_location_assignment LCCOMB_X32_Y5_N12 -to "u1174"
set_location_assignment LCCOMB_X32_Y5_N14 -to "u1175"
set_location_assignment LCCOMB_X32_Y5_N16 -to "u1176"
set_location_assignment LCCOMB_X32_Y5_N18 -to "u1177"
set_location_assignment LCCOMB_X32_Y5_N20 -to "u1178"
set_location_assignment LCCOMB_X32_Y5_N22 -to "u1179"
set_location_assignment LCCOMB_X32_Y5_N24 -to "u1180"
set_location_assignment LCCOMB_X32_Y5_N26 -to "u1181"
set_location_assignment LCCOMB_X32_Y5_N28 -to "u1182"
set_location_assignment LCCOMB_X32_Y5_N30 -to "u1183"
set_location_assignment LCCOMB_X32_Y6_N0 -to "u1184"
set_location_assignment LCCOMB_X32_Y6_N2 -to "u1185"
set_location_assignment LCCOMB_X32_Y6_N4 -to "u1186"
set_location_assignment LCCOMB_X32_Y6_N6 -to "u1187"
set_location_assignment LCCOMB_X32_Y6_N8 -to "u1188"
set_location_assignment LCCOMB_X32_Y6_N10 -to "u1189"
set_location_assignment LCCOMB_X32_Y6_N12 -to "u1190"
set_location_assignment LCCOMB_X32_Y6_N14 -to "u1191"
set_location_assignment LCCOMB_X32_Y6_N16 -to "u1192"
set_location_assignment LCCOMB_X32_Y6_N18 -to "u1193"
set_location_assignment LCCOMB_X32_Y6_N20 -to "u1194"
set_location_assignment LCCOMB_X32_Y6_N22 -to "u1195"
set_location_assignment LCCOMB_X32_Y6_N24 -to "u1196"
set_location_assignment LCCOMB_X32_Y6_N26 -to "u1197"
set_location_assignment LCCOMB_X32_Y6_N28 -to "u1198"
set_location_assignment LCCOMB_X32_Y6_N30 -to "u1199"
set_location_assignment LCCOMB_X32_Y7_N0 -to "u1200"
set_location_assignment LCCOMB_X32_Y7_N2 -to "u1201"
set_location_assignment LCCOMB_X32_Y7_N4 -to "u1202"
set_location_assignment LCCOMB_X32_Y7_N6 -to "u1203"
set_location_assignment LCCOMB_X32_Y7_N8 -to "u1204"
set_location_assignment LCCOMB_X32_Y7_N10 -to "u1205"
set_location_assignment LCCOMB_X32_Y7_N12 -to "u1206"
set_location_assignment LCCOMB_X32_Y7_N14 -to "u1207"
set_location_assignment LCCOMB_X32_Y7_N16 -to "u1208"
set_location_assignment LCCOMB_X32_Y7_N18 -to "u1209"
set_location_assignment LCCOMB_X32_Y7_N20 -to "u1210"
set_location_assignment LCCOMB_X32_Y7_N22 -to "u1211"
set_location_assignment LCCOMB_X32_Y7_N24 -to "u1212"
set_location_assignment LCCOMB_X32_Y7_N26 -to "u1213"
set_location_assignment LCCOMB_X32_Y7_N28 -to "u1214"
set_location_assignment LCCOMB_X32_Y7_N30 -to "u1215"
set_location_assignment LCCOMB_X32_Y8_N0 -to "u1216"
set_location_assignment LCCOMB_X32_Y8_N2 -to "u1217"
set_location_assignment LCCOMB_X32_Y8_N4 -to "u1218"
set_location_assignment LCCOMB_X32_Y8_N6 -to "u1219"
set_location_assignment LCCOMB_X32_Y8_N8 -to "u1220"
set_location_assignment LCCOMB_X32_Y8_N10 -to "u1221"
set_location_assignment LCCOMB_X32_Y8_N12 -to "u1222"
set_location_assignment LCCOMB_X32_Y8_N14 -to "u1223"
set_location_assignment LCCOMB_X32_Y8_N16 -to "u1224"
set_location_assignment LCCOMB_X32_Y8_N18 -to "u1225"
set_location_assignment LCCOMB_X32_Y8_N20 -to "u1226"
set_location_assignment LCCOMB_X32_Y8_N22 -to "u1227"
set_location_assignment LCCOMB_X32_Y8_N24 -to "u1228"
set_location_assignment LCCOMB_X32_Y8_N26 -to "u1229"
set_location_assignment LCCOMB_X32_Y8_N28 -to "u1230"
set_location_assignment LCCOMB_X32_Y8_N30 -to "u1231"
set_location_assignment LCCOMB_X32_Y9_N0 -to "u1232"
set_location_assignment LCCOMB_X32_Y9_N2 -to "u1233"
set_location_assignment LCCOMB_X32_Y9_N4 -to "u1234"
set_location_assignment LCCOMB_X32_Y9_N6 -to "u1235"
set_location_assignment LCCOMB_X32_Y9_N8 -to "u1236"
set_location_assignment LCCOMB_X32_Y9_N10 -to "u1237"
set_location_assignment LCCOMB_X32_Y9_N12 -to "u1238"
set_location_assignment LCCOMB_X32_Y9_N14 -to "u1239"
set_location_assignment LCCOMB_X32_Y9_N16 -to "u1240"
set_location_assignment LCCOMB_X32_Y9_N18 -to "u1241"
set_location_assignment LCCOMB_X32_Y9_N20 -to "u1242"
set_location_assignment LCCOMB_X32_Y9_N22 -to "u1243"
set_location_assignment LCCOMB_X32_Y9_N24 -to "u1244"
set_location_assignment LCCOMB_X32_Y9_N26 -to "u1245"
set_location_assignment LCCOMB_X32_Y9_N28 -to "u1246"
set_location_assignment LCCOMB_X32_Y9_N30 -to "u1247"
set_location_assignment LCCOMB_X32_Y10_N0 -to "u1248"
set_location_assignment LCCOMB_X32_Y10_N2 -to "u1249"
set_location_assignment LCCOMB_X32_Y10_N4 -to "u1250"
set_location_assignment LCCOMB_X32_Y10_N6 -to "u1251"
set_location_assignment LCCOMB_X32_Y10_N8 -to "u1252"
set_location_assignment LCCOMB_X32_Y10_N10 -to "u1253"
set_location_assignment LCCOMB_X32_Y10_N12 -to "u1254"
set_location_assignment LCCOMB_X32_Y10_N14 -to "u1255"
set_location_assignment LCCOMB_X32_Y10_N16 -to "u1256"
set_location_assignment LCCOMB_X32_Y10_N18 -to "u1257"
set_location_assignment LCCOMB_X32_Y10_N20 -to "u1258"
set_location_assignment LCCOMB_X32_Y10_N22 -to "u1259"
set_location_assignment LCCOMB_X32_Y10_N24 -to "u1260"
set_location_assignment LCCOMB_X32_Y10_N26 -to "u1261"
set_location_assignment LCCOMB_X32_Y10_N28 -to "u1262"
set_location_assignment LCCOMB_X32_Y10_N30 -to "u1263"
set_location_assignment LCCOMB_X32_Y11_N0 -to "u1264"
set_location_assignment LCCOMB_X32_Y11_N2 -to "u1265"
set_location_assignment LCCOMB_X32_Y11_N4 -to "u1266"
set_location_assignment LCCOMB_X32_Y11_N6 -to "u1267"
set_location_assignment LCCOMB_X32_Y11_N8 -to "u1268"
set_location_assignment LCCOMB_X32_Y11_N10 -to "u1269"
set_location_assignment LCCOMB_X32_Y11_N12 -to "u1270"
set_location_assignment LCCOMB_X32_Y11_N14 -to "u1271"
set_location_assignment LCCOMB_X32_Y11_N16 -to "u1272"
set_location_assignment LCCOMB_X32_Y11_N18 -to "u1273"
set_location_assignment LCCOMB_X32_Y11_N20 -to "u1274"
set_location_assignment LCCOMB_X32_Y11_N22 -to "u1275"
set_location_assignment LCCOMB_X32_Y11_N24 -to "u1276"
set_location_assignment LCCOMB_X32_Y11_N26 -to "u1277"
set_location_assignment LCCOMB_X32_Y11_N28 -to "u1278"
set_location_assignment LCCOMB_X32_Y11_N30 -to "u1279"
set_location_assignment LCCOMB_X32_Y12_N0 -to "u1280"
set_location_assignment LCCOMB_X32_Y12_N2 -to "u1281"
set_location_assignment LCCOMB_X32_Y12_N4 -to "u1282"
set_location_assignment LCCOMB_X32_Y12_N6 -to "u1283"
set_location_assignment LCCOMB_X32_Y12_N8 -to "u1284"
set_location_assignment LCCOMB_X32_Y12_N10 -to "u1285"
set_location_assignment LCCOMB_X32_Y12_N12 -to "u1286"
set_location_assignment LCCOMB_X32_Y12_N14 -to "u1287"
set_location_assignment LCCOMB_X32_Y12_N16 -to "u1288"
set_location_assignment LCCOMB_X32_Y12_N18 -to "u1289"
set_location_assignment LCCOMB_X32_Y12_N20 -to "u1290"
set_location_assignment LCCOMB_X32_Y12_N22 -to "u1291"
set_location_assignment LCCOMB_X32_Y12_N24 -to "u1292"
set_location_assignment LCCOMB_X32_Y12_N26 -to "u1293"
set_location_assignment LCCOMB_X32_Y12_N28 -to "u1294"
set_location_assignment LCCOMB_X32_Y12_N30 -to "u1295"
set_location_assignment LCCOMB_X32_Y13_N0 -to "u1296"
set_location_assignment LCCOMB_X32_Y13_N2 -to "u1297"
set_location_assignment LCCOMB_X32_Y13_N4 -to "u1298"
set_location_assignment LCCOMB_X32_Y13_N6 -to "u1299"
set_location_assignment LCCOMB_X32_Y13_N8 -to "u1300"
set_location_assignment LCCOMB_X32_Y13_N10 -to "u1301"
set_location_assignment LCCOMB_X32_Y13_N12 -to "u1302"
set_location_assignment LCCOMB_X32_Y13_N14 -to "u1303"
set_location_assignment LCCOMB_X32_Y13_N16 -to "u1304"
set_location_assignment LCCOMB_X32_Y13_N18 -to "u1305"
set_location_assignment LCCOMB_X32_Y13_N20 -to "u1306"
set_location_assignment LCCOMB_X32_Y13_N22 -to "u1307"
set_location_assignment LCCOMB_X32_Y13_N24 -to "u1308"
set_location_assignment LCCOMB_X32_Y13_N26 -to "u1309"
set_location_assignment LCCOMB_X32_Y13_N28 -to "u1310"
set_location_assignment LCCOMB_X32_Y13_N30 -to "u1311"
set_location_assignment LCCOMB_X32_Y14_N0 -to "u1312"
set_location_assignment LCCOMB_X32_Y14_N2 -to "u1313"
set_location_assignment LCCOMB_X32_Y14_N4 -to "u1314"
set_location_assignment LCCOMB_X32_Y14_N6 -to "u1315"
set_location_assignment LCCOMB_X32_Y14_N8 -to "u1316"
set_location_assignment LCCOMB_X32_Y14_N10 -to "u1317"
set_location_assignment LCCOMB_X32_Y14_N12 -to "u1318"
set_location_assignment LCCOMB_X32_Y14_N14 -to "u1319"
set_location_assignment LCCOMB_X32_Y14_N16 -to "u1320"
set_location_assignment LCCOMB_X32_Y14_N18 -to "u1321"
set_location_assignment LCCOMB_X32_Y14_N20 -to "u1322"
set_location_assignment LCCOMB_X32_Y14_N22 -to "u1323"
set_location_assignment LCCOMB_X32_Y14_N24 -to "u1324"
set_location_assignment LCCOMB_X32_Y14_N26 -to "u1325"
set_location_assignment LCCOMB_X32_Y14_N28 -to "u1326"
set_location_assignment LCCOMB_X32_Y14_N30 -to "u1327"
set_location_assignment LCCOMB_X32_Y15_N0 -to "u1328"
set_location_assignment LCCOMB_X32_Y15_N2 -to "u1329"
set_location_assignment LCCOMB_X32_Y15_N4 -to "u1330"
set_location_assignment LCCOMB_X32_Y15_N6 -to "u1331"
set_location_assignment LCCOMB_X32_Y15_N8 -to "u1332"
set_location_assignment LCCOMB_X32_Y15_N10 -to "u1333"
set_location_assignment LCCOMB_X32_Y15_N12 -to "u1334"
set_location_assignment LCCOMB_X32_Y15_N14 -to "u1335"
set_location_assignment LCCOMB_X32_Y15_N16 -to "u1336"
set_location_assignment LCCOMB_X32_Y15_N18 -to "u1337"
set_location_assignment LCCOMB_X32_Y15_N20 -to "u1338"
set_location_assignment LCCOMB_X32_Y15_N22 -to "u1339"
set_location_assignment LCCOMB_X32_Y15_N24 -to "u1340"
set_location_assignment LCCOMB_X32_Y15_N26 -to "u1341"
set_location_assignment LCCOMB_X32_Y15_N28 -to "u1342"
set_location_assignment LCCOMB_X32_Y15_N30 -to "u1343"
set_location_assignment LCCOMB_X32_Y16_N0 -to "u1344"
set_location_assignment LCCOMB_X32_Y16_N2 -to "u1345"
set_location_assignment LCCOMB_X32_Y16_N4 -to "u1346"
set_location_assignment LCCOMB_X32_Y16_N6 -to "u1347"
set_location_assignment LCCOMB_X32_Y16_N8 -to "u1348"
set_location_assignment LCCOMB_X32_Y16_N10 -to "u1349"
set_location_assignment LCCOMB_X32_Y16_N12 -to "u1350"
set_location_assignment LCCOMB_X32_Y16_N14 -to "u1351"
set_location_assignment LCCOMB_X32_Y16_N16 -to "u1352"
set_location_assignment LCCOMB_X32_Y16_N18 -to "u1353"
set_location_assignment LCCOMB_X32_Y16_N20 -to "u1354"
set_location_assignment LCCOMB_X32_Y16_N22 -to "u1355"
set_location_assignment LCCOMB_X32_Y16_N24 -to "u1356"
set_location_assignment LCCOMB_X32_Y16_N26 -to "u1357"
set_location_assignment LCCOMB_X32_Y16_N28 -to "u1358"
set_location_assignment LCCOMB_X32_Y16_N30 -to "u1359"
set_location_assignment LCCOMB_X32_Y17_N0 -to "u1360"
set_location_assignment LCCOMB_X32_Y17_N2 -to "u1361"
set_location_assignment LCCOMB_X32_Y17_N4 -to "u1362"
set_location_assignment LCCOMB_X32_Y17_N6 -to "u1363"
set_location_assignment LCCOMB_X32_Y17_N8 -to "u1364"
set_location_assignment LCCOMB_X32_Y17_N10 -to "u1365"
set_location_assignment LCCOMB_X32_Y17_N12 -to "u1366"
set_location_assignment LCCOMB_X32_Y17_N14 -to "u1367"
set_location_assignment LCCOMB_X32_Y17_N16 -to "u1368"
set_location_assignment LCCOMB_X32_Y17_N18 -to "u1369"
set_location_assignment LCCOMB_X32_Y17_N20 -to "u1370"
set_location_assignment LCCOMB_X32_Y17_N22 -to "u1371"
set_location_assignment LCCOMB_X32_Y17_N24 -to "u1372"
set_location_assignment LCCOMB_X32_Y17_N26 -to "u1373"
set_location_assignment LCCOMB_X32_Y17_N28 -to "u1374"
set_location_assignment LCCOMB_X32_Y17_N30 -to "u1375"
set_location_assignment LCCOMB_X32_Y18_N0 -to "u1376"
set_location_assignment LCCOMB_X32_Y18_N2 -to "u1377"
set_location_assignment LCCOMB_X32_Y18_N4 -to "u1378"
set_location_assignment LCCOMB_X32_Y18_N6 -to "u1379"
set_location_assignment LCCOMB_X32_Y18_N8 -to "u1380"
set_location_assignment LCCOMB_X32_Y18_N10 -to "u1381"
set_location_assignment LCCOMB_X32_Y18_N12 -to "u1382"
set_location_assignment LCCOMB_X32_Y18_N14 -to "u1383"
set_location_assignment LCCOMB_X32_Y18_N16 -to "u1384"
set_location_assignment LCCOMB_X32_Y18_N18 -to "u1385"
set_location_assignment LCCOMB_X32_Y18_N20 -to "u1386"
set_location_assignment LCCOMB_X32_Y18_N22 -to "u1387"
set_location_assignment LCCOMB_X32_Y18_N24 -to "u1388"
set_location_assignment LCCOMB_X32_Y18_N26 -to "u1389"
set_location_assignment LCCOMB_X32_Y18_N28 -to "u1390"
set_location_assignment LCCOMB_X32_Y18_N30 -to "u1391"
set_location_assignment LCCOMB_X32_Y19_N0 -to "u1392"
set_location_assignment LCCOMB_X32_Y19_N2 -to "u1393"
set_location_assignment LCCOMB_X32_Y19_N4 -to "u1394"
set_location_assignment LCCOMB_X32_Y19_N6 -to "u1395"
set_location_assignment LCCOMB_X32_Y19_N8 -to "u1396"
set_location_assignment LCCOMB_X32_Y19_N10 -to "u1397"
set_location_assignment LCCOMB_X32_Y19_N12 -to "u1398"
set_location_assignment LCCOMB_X32_Y19_N14 -to "u1399"
set_location_assignment LCCOMB_X32_Y19_N16 -to "u1400"
set_location_assignment LCCOMB_X32_Y19_N18 -to "u1401"
set_location_assignment LCCOMB_X32_Y19_N20 -to "u1402"
set_location_assignment LCCOMB_X32_Y19_N22 -to "u1403"
set_location_assignment LCCOMB_X32_Y19_N24 -to "u1404"
set_location_assignment LCCOMB_X32_Y19_N26 -to "u1405"
set_location_assignment LCCOMB_X32_Y19_N28 -to "u1406"
set_location_assignment LCCOMB_X32_Y19_N30 -to "u1407"
set_location_assignment LCCOMB_X32_Y20_N0 -to "u1408"
set_location_assignment LCCOMB_X32_Y20_N2 -to "u1409"
set_location_assignment LCCOMB_X32_Y20_N4 -to "u1410"
set_location_assignment LCCOMB_X32_Y20_N6 -to "u1411"
set_location_assignment LCCOMB_X32_Y20_N8 -to "u1412"
set_location_assignment LCCOMB_X32_Y20_N10 -to "u1413"
set_location_assignment LCCOMB_X32_Y20_N12 -to "u1414"
set_location_assignment LCCOMB_X32_Y20_N14 -to "u1415"
set_location_assignment LCCOMB_X32_Y20_N16 -to "u1416"
set_location_assignment LCCOMB_X32_Y20_N18 -to "u1417"
set_location_assignment LCCOMB_X32_Y20_N20 -to "u1418"
set_location_assignment LCCOMB_X32_Y20_N22 -to "u1419"
set_location_assignment LCCOMB_X32_Y20_N24 -to "u1420"
set_location_assignment LCCOMB_X32_Y20_N26 -to "u1421"
set_location_assignment LCCOMB_X32_Y20_N28 -to "u1422"
set_location_assignment LCCOMB_X32_Y20_N30 -to "u1423"
set_location_assignment LCCOMB_X32_Y21_N0 -to "u1424"
set_location_assignment LCCOMB_X32_Y21_N2 -to "u1425"
set_location_assignment LCCOMB_X32_Y21_N4 -to "u1426"
set_location_assignment LCCOMB_X32_Y21_N6 -to "u1427"
set_location_assignment LCCOMB_X32_Y21_N8 -to "u1428"
set_location_assignment LCCOMB_X32_Y21_N10 -to "u1429"
set_location_assignment LCCOMB_X32_Y21_N12 -to "u1430"
set_location_assignment LCCOMB_X32_Y21_N14 -to "u1431"
set_location_assignment LCCOMB_X32_Y21_N16 -to "u1432"
set_location_assignment LCCOMB_X32_Y21_N18 -to "u1433"
set_location_assignment LCCOMB_X32_Y21_N20 -to "u1434"
set_location_assignment LCCOMB_X32_Y21_N22 -to "u1435"
set_location_assignment LCCOMB_X32_Y21_N24 -to "u1436"
set_location_assignment LCCOMB_X32_Y21_N26 -to "u1437"
set_location_assignment LCCOMB_X32_Y21_N28 -to "u1438"
set_location_assignment LCCOMB_X32_Y21_N30 -to "u1439"
set_location_assignment LCCOMB_X33_Y2_N0 -to "u1440"
set_location_assignment LCCOMB_X33_Y2_N2 -to "u1441"
set_location_assignment LCCOMB_X33_Y2_N4 -to "u1442"
set_location_assignment LCCOMB_X33_Y2_N6 -to "u1443"
set_location_assignment LCCOMB_X33_Y2_N8 -to "u1444"
set_location_assignment LCCOMB_X33_Y2_N10 -to "u1445"
set_location_assignment LCCOMB_X33_Y2_N12 -to "u1446"
set_location_assignment LCCOMB_X33_Y2_N14 -to "u1447"
set_location_assignment LCCOMB_X33_Y2_N16 -to "u1448"
set_location_assignment LCCOMB_X33_Y2_N18 -to "u1449"
set_location_assignment LCCOMB_X33_Y2_N20 -to "u1450"
set_location_assignment LCCOMB_X33_Y2_N22 -to "u1451"
set_location_assignment LCCOMB_X33_Y2_N24 -to "u1452"
set_location_assignment LCCOMB_X33_Y2_N26 -to "u1453"
set_location_assignment LCCOMB_X33_Y2_N28 -to "u1454"
set_location_assignment LCCOMB_X33_Y2_N30 -to "u1455"
set_location_assignment LCCOMB_X33_Y3_N0 -to "u1456"
set_location_assignment LCCOMB_X33_Y3_N2 -to "u1457"
set_location_assignment LCCOMB_X33_Y3_N4 -to "u1458"
set_location_assignment LCCOMB_X33_Y3_N6 -to "u1459"
set_location_assignment LCCOMB_X33_Y3_N8 -to "u1460"
set_location_assignment LCCOMB_X33_Y3_N10 -to "u1461"
set_location_assignment LCCOMB_X33_Y3_N12 -to "u1462"
set_location_assignment LCCOMB_X33_Y3_N14 -to "u1463"
set_location_assignment LCCOMB_X33_Y3_N16 -to "u1464"
set_location_assignment LCCOMB_X33_Y3_N18 -to "u1465"
set_location_assignment LCCOMB_X33_Y3_N20 -to "u1466"
set_location_assignment LCCOMB_X33_Y3_N22 -to "u1467"
set_location_assignment LCCOMB_X33_Y3_N24 -to "u1468"
set_location_assignment LCCOMB_X33_Y3_N26 -to "u1469"
set_location_assignment LCCOMB_X33_Y3_N28 -to "u1470"
set_location_assignment LCCOMB_X33_Y3_N30 -to "u1471"
set_location_assignment LCCOMB_X33_Y4_N0 -to "u1472"
set_location_assignment LCCOMB_X33_Y4_N2 -to "u1473"
set_location_assignment LCCOMB_X33_Y4_N4 -to "u1474"
set_location_assignment LCCOMB_X33_Y4_N6 -to "u1475"
set_location_assignment LCCOMB_X33_Y4_N8 -to "u1476"
set_location_assignment LCCOMB_X33_Y4_N10 -to "u1477"
set_location_assignment LCCOMB_X33_Y4_N12 -to "u1478"
set_location_assignment LCCOMB_X33_Y4_N14 -to "u1479"
set_location_assignment LCCOMB_X33_Y4_N16 -to "u1480"
set_location_assignment LCCOMB_X33_Y4_N18 -to "u1481"
set_location_assignment LCCOMB_X33_Y4_N20 -to "u1482"
set_location_assignment LCCOMB_X33_Y4_N22 -to "u1483"
set_location_assignment LCCOMB_X33_Y4_N24 -to "u1484"
set_location_assignment LCCOMB_X33_Y4_N26 -to "u1485"
set_location_assignment LCCOMB_X33_Y4_N28 -to "u1486"
set_location_assignment LCCOMB_X33_Y4_N30 -to "u1487"
set_location_assignment LCCOMB_X33_Y5_N0 -to "u1488"
set_location_assignment LCCOMB_X33_Y5_N2 -to "u1489"
set_location_assignment LCCOMB_X33_Y5_N4 -to "u1490"
set_location_assignment LCCOMB_X33_Y5_N6 -to "u1491"
set_location_assignment LCCOMB_X33_Y5_N8 -to "u1492"
set_location_assignment LCCOMB_X33_Y5_N10 -to "u1493"
set_location_assignment LCCOMB_X33_Y5_N12 -to "u1494"
set_location_assignment LCCOMB_X33_Y5_N14 -to "u1495"
set_location_assignment LCCOMB_X33_Y5_N16 -to "u1496"
set_location_assignment LCCOMB_X33_Y5_N18 -to "u1497"
set_location_assignment LCCOMB_X33_Y5_N20 -to "u1498"
set_location_assignment LCCOMB_X33_Y5_N22 -to "u1499"
set_location_assignment LCCOMB_X33_Y5_N24 -to "u1500"
set_location_assignment LCCOMB_X33_Y5_N26 -to "u1501"
set_location_assignment LCCOMB_X33_Y5_N28 -to "u1502"
set_location_assignment LCCOMB_X33_Y5_N30 -to "u1503"
set_location_assignment LCCOMB_X33_Y6_N0 -to "u1504"
set_location_assignment LCCOMB_X33_Y6_N2 -to "u1505"
set_location_assignment LCCOMB_X33_Y6_N4 -to "u1506"
set_location_assignment LCCOMB_X33_Y6_N6 -to "u1507"
set_location_assignment LCCOMB_X33_Y6_N8 -to "u1508"
set_location_assignment LCCOMB_X33_Y6_N10 -to "u1509"
set_location_assignment LCCOMB_X33_Y6_N12 -to "u1510"
set_location_assignment LCCOMB_X33_Y6_N14 -to "u1511"
set_location_assignment LCCOMB_X33_Y6_N16 -to "u1512"
set_location_assignment LCCOMB_X33_Y6_N18 -to "u1513"
set_location_assignment LCCOMB_X33_Y6_N20 -to "u1514"
set_location_assignment LCCOMB_X33_Y6_N22 -to "u1515"
set_location_assignment LCCOMB_X33_Y6_N24 -to "u1516"
set_location_assignment LCCOMB_X33_Y6_N26 -to "u1517"
set_location_assignment LCCOMB_X33_Y6_N28 -to "u1518"
set_location_assignment LCCOMB_X33_Y6_N30 -to "u1519"
set_location_assignment LCCOMB_X33_Y7_N0 -to "u1520"
set_location_assignment LCCOMB_X33_Y7_N2 -to "u1521"
set_location_assignment LCCOMB_X33_Y7_N4 -to "u1522"
set_location_assignment LCCOMB_X33_Y7_N6 -to "u1523"
set_location_assignment LCCOMB_X33_Y7_N8 -to "u1524"
set_location_assignment LCCOMB_X33_Y7_N10 -to "u1525"
set_location_assignment LCCOMB_X33_Y7_N12 -to "u1526"
set_location_assignment LCCOMB_X33_Y7_N14 -to "u1527"
set_location_assignment LCCOMB_X33_Y7_N16 -to "u1528"
set_location_assignment LCCOMB_X33_Y7_N18 -to "u1529"
set_location_assignment LCCOMB_X33_Y7_N20 -to "u1530"
set_location_assignment LCCOMB_X33_Y7_N22 -to "u1531"
set_location_assignment LCCOMB_X33_Y7_N24 -to "u1532"
set_location_assignment LCCOMB_X33_Y7_N26 -to "u1533"
set_location_assignment LCCOMB_X33_Y7_N28 -to "u1534"
set_location_assignment LCCOMB_X33_Y7_N30 -to "u1535"
set_location_assignment LCCOMB_X33_Y8_N0 -to "u1536"
set_location_assignment LCCOMB_X33_Y8_N2 -to "u1537"
set_location_assignment LCCOMB_X33_Y8_N4 -to "u1538"
set_location_assignment LCCOMB_X33_Y8_N6 -to "u1539"
set_location_assignment LCCOMB_X33_Y8_N8 -to "u1540"
set_location_assignment LCCOMB_X33_Y8_N10 -to "u1541"
set_location_assignment LCCOMB_X33_Y8_N12 -to "u1542"
set_location_assignment LCCOMB_X33_Y8_N14 -to "u1543"
set_location_assignment LCCOMB_X33_Y8_N16 -to "u1544"
set_location_assignment LCCOMB_X33_Y8_N18 -to "u1545"
set_location_assignment LCCOMB_X33_Y8_N20 -to "u1546"
set_location_assignment LCCOMB_X33_Y8_N22 -to "u1547"
set_location_assignment LCCOMB_X33_Y8_N24 -to "u1548"
set_location_assignment LCCOMB_X33_Y8_N26 -to "u1549"
set_location_assignment LCCOMB_X33_Y8_N28 -to "u1550"
set_location_assignment LCCOMB_X33_Y8_N30 -to "u1551"
set_location_assignment LCCOMB_X33_Y9_N0 -to "u1552"
set_location_assignment LCCOMB_X33_Y9_N2 -to "u1553"
set_location_assignment LCCOMB_X33_Y9_N4 -to "u1554"
set_location_assignment LCCOMB_X33_Y9_N6 -to "u1555"
set_location_assignment LCCOMB_X33_Y9_N8 -to "u1556"
set_location_assignment LCCOMB_X33_Y9_N10 -to "u1557"
set_location_assignment LCCOMB_X33_Y9_N12 -to "u1558"
set_location_assignment LCCOMB_X33_Y9_N14 -to "u1559"
set_location_assignment LCCOMB_X33_Y9_N16 -to "u1560"
set_location_assignment LCCOMB_X33_Y9_N18 -to "u1561"
set_location_assignment LCCOMB_X33_Y9_N20 -to "u1562"
set_location_assignment LCCOMB_X33_Y9_N22 -to "u1563"
set_location_assignment LCCOMB_X33_Y9_N24 -to "u1564"
set_location_assignment LCCOMB_X33_Y9_N26 -to "u1565"
set_location_assignment LCCOMB_X33_Y9_N28 -to "u1566"
set_location_assignment LCCOMB_X33_Y9_N30 -to "u1567"
set_location_assignment LCCOMB_X33_Y10_N0 -to "u1568"
set_location_assignment LCCOMB_X33_Y10_N2 -to "u1569"
set_location_assignment LCCOMB_X33_Y10_N4 -to "u1570"
set_location_assignment LCCOMB_X33_Y10_N6 -to "u1571"
set_location_assignment LCCOMB_X33_Y10_N8 -to "u1572"
set_location_assignment LCCOMB_X33_Y10_N10 -to "u1573"
set_location_assignment LCCOMB_X33_Y10_N12 -to "u1574"
set_location_assignment LCCOMB_X33_Y10_N14 -to "u1575"
set_location_assignment LCCOMB_X33_Y10_N16 -to "u1576"
set_location_assignment LCCOMB_X33_Y10_N18 -to "u1577"
set_location_assignment LCCOMB_X33_Y10_N20 -to "u1578"
set_location_assignment LCCOMB_X33_Y10_N22 -to "u1579"
set_location_assignment LCCOMB_X33_Y10_N24 -to "u1580"
set_location_assignment LCCOMB_X33_Y10_N26 -to "u1581"
set_location_assignment LCCOMB_X33_Y10_N28 -to "u1582"
set_location_assignment LCCOMB_X33_Y10_N30 -to "u1583"
set_location_assignment LCCOMB_X33_Y11_N0 -to "u1584"
set_location_assignment LCCOMB_X33_Y11_N2 -to "u1585"
set_location_assignment LCCOMB_X33_Y11_N4 -to "u1586"
set_location_assignment LCCOMB_X33_Y11_N6 -to "u1587"
set_location_assignment LCCOMB_X33_Y11_N8 -to "u1588"
set_location_assignment LCCOMB_X33_Y11_N10 -to "u1589"
set_location_assignment LCCOMB_X33_Y11_N12 -to "u1590"
set_location_assignment LCCOMB_X33_Y11_N14 -to "u1591"
set_location_assignment LCCOMB_X33_Y11_N16 -to "u1592"
set_location_assignment LCCOMB_X33_Y11_N18 -to "u1593"
set_location_assignment LCCOMB_X33_Y11_N20 -to "u1594"
set_location_assignment LCCOMB_X33_Y11_N22 -to "u1595"
set_location_assignment LCCOMB_X33_Y11_N24 -to "u1596"
set_location_assignment LCCOMB_X33_Y11_N26 -to "u1597"
set_location_assignment LCCOMB_X33_Y11_N28 -to "u1598"
set_location_assignment LCCOMB_X33_Y11_N30 -to "u1599"
set_location_assignment LCCOMB_X33_Y12_N0 -to "u1600"
set_location_assignment LCCOMB_X33_Y12_N2 -to "u1601"
set_location_assignment LCCOMB_X33_Y12_N4 -to "u1602"
set_location_assignment LCCOMB_X33_Y12_N6 -to "u1603"
set_location_assignment LCCOMB_X33_Y12_N8 -to "u1604"
set_location_assignment LCCOMB_X33_Y12_N10 -to "u1605"
set_location_assignment LCCOMB_X33_Y12_N12 -to "u1606"
set_location_assignment LCCOMB_X33_Y12_N14 -to "u1607"
set_location_assignment LCCOMB_X33_Y12_N16 -to "u1608"
set_location_assignment LCCOMB_X33_Y12_N18 -to "u1609"
set_location_assignment LCCOMB_X33_Y12_N20 -to "u1610"
set_location_assignment LCCOMB_X33_Y12_N22 -to "u1611"
set_location_assignment LCCOMB_X33_Y12_N24 -to "u1612"
set_location_assignment LCCOMB_X33_Y12_N26 -to "u1613"
set_location_assignment LCCOMB_X33_Y12_N28 -to "u1614"
set_location_assignment LCCOMB_X33_Y12_N30 -to "u1615"
set_location_assignment LCCOMB_X33_Y13_N0 -to "u1616"
set_location_assignment LCCOMB_X33_Y13_N2 -to "u1617"
set_location_assignment LCCOMB_X33_Y13_N4 -to "u1618"
set_location_assignment LCCOMB_X33_Y13_N6 -to "u1619"
set_location_assignment LCCOMB_X33_Y13_N8 -to "u1620"
set_location_assignment LCCOMB_X33_Y13_N10 -to "u1621"
set_location_assignment LCCOMB_X33_Y13_N12 -to "u1622"
set_location_assignment LCCOMB_X33_Y13_N14 -to "u1623"
set_location_assignment LCCOMB_X33_Y13_N16 -to "u1624"
set_location_assignment LCCOMB_X33_Y13_N18 -to "u1625"
set_location_assignment LCCOMB_X33_Y13_N20 -to "u1626"
set_location_assignment LCCOMB_X33_Y13_N22 -to "u1627"
set_location_assignment LCCOMB_X33_Y13_N24 -to "u1628"
set_location_assignment LCCOMB_X33_Y13_N26 -to "u1629"
set_location_assignment LCCOMB_X33_Y13_N28 -to "u1630"
set_location_assignment LCCOMB_X33_Y13_N30 -to "u1631"
set_location_assignment LCCOMB_X33_Y14_N0 -to "u1632"
set_location_assignment LCCOMB_X33_Y14_N2 -to "u1633"
set_location_assignment LCCOMB_X33_Y14_N4 -to "u1634"
set_location_assignment LCCOMB_X33_Y14_N6 -to "u1635"
set_location_assignment LCCOMB_X33_Y14_N8 -to "u1636"
set_location_assignment LCCOMB_X33_Y14_N10 -to "u1637"
set_location_assignment LCCOMB_X33_Y14_N12 -to "u1638"
set_location_assignment LCCOMB_X33_Y14_N14 -to "u1639"
set_location_assignment LCCOMB_X33_Y14_N16 -to "u1640"
set_location_assignment LCCOMB_X33_Y14_N18 -to "u1641"
set_location_assignment LCCOMB_X33_Y14_N20 -to "u1642"
set_location_assignment LCCOMB_X33_Y14_N22 -to "u1643"
set_location_assignment LCCOMB_X33_Y14_N24 -to "u1644"
set_location_assignment LCCOMB_X33_Y14_N26 -to "u1645"
set_location_assignment LCCOMB_X33_Y14_N28 -to "u1646"
set_location_assignment LCCOMB_X33_Y14_N30 -to "u1647"
set_location_assignment LCCOMB_X33_Y15_N0 -to "u1648"
set_location_assignment LCCOMB_X33_Y15_N2 -to "u1649"
set_location_assignment LCCOMB_X33_Y15_N4 -to "u1650"
set_location_assignment LCCOMB_X33_Y15_N6 -to "u1651"
set_location_assignment LCCOMB_X33_Y15_N8 -to "u1652"
set_location_assignment LCCOMB_X33_Y15_N10 -to "u1653"
set_location_assignment LCCOMB_X33_Y15_N12 -to "u1654"
set_location_assignment LCCOMB_X33_Y15_N14 -to "u1655"
set_location_assignment LCCOMB_X33_Y15_N16 -to "u1656"
set_location_assignment LCCOMB_X33_Y15_N18 -to "u1657"
set_location_assignment LCCOMB_X33_Y15_N20 -to "u1658"
set_location_assignment LCCOMB_X33_Y15_N22 -to "u1659"
set_location_assignment LCCOMB_X33_Y15_N24 -to "u1660"
set_location_assignment LCCOMB_X33_Y15_N26 -to "u1661"
set_location_assignment LCCOMB_X33_Y15_N28 -to "u1662"
set_location_assignment LCCOMB_X33_Y15_N30 -to "u1663"
set_location_assignment LCCOMB_X33_Y16_N0 -to "u1664"
set_location_assignment LCCOMB_X33_Y16_N2 -to "u1665"
set_location_assignment LCCOMB_X33_Y16_N4 -to "u1666"
set_location_assignment LCCOMB_X33_Y16_N6 -to "u1667"
set_location_assignment LCCOMB_X33_Y16_N8 -to "u1668"
set_location_assignment LCCOMB_X33_Y16_N10 -to "u1669"
set_location_assignment LCCOMB_X33_Y16_N12 -to "u1670"
set_location_assignment LCCOMB_X33_Y16_N14 -to "u1671"
set_location_assignment LCCOMB_X33_Y16_N16 -to "u1672"
set_location_assignment LCCOMB_X33_Y16_N18 -to "u1673"
set_location_assignment LCCOMB_X33_Y16_N20 -to "u1674"
set_location_assignment LCCOMB_X33_Y16_N22 -to "u1675"
set_location_assignment LCCOMB_X33_Y16_N24 -to "u1676"
set_location_assignment LCCOMB_X33_Y16_N26 -to "u1677"
set_location_assignment LCCOMB_X33_Y16_N28 -to "u1678"
set_location_assignment LCCOMB_X33_Y16_N30 -to "u1679"
set_location_assignment LCCOMB_X33_Y17_N0 -to "u1680"
set_location_assignment LCCOMB_X33_Y17_N2 -to "u1681"
set_location_assignment LCCOMB_X33_Y17_N4 -to "u1682"
set_location_assignment LCCOMB_X33_Y17_N6 -to "u1683"
set_location_assignment LCCOMB_X33_Y17_N8 -to "u1684"
set_location_assignment LCCOMB_X33_Y17_N10 -to "u1685"
set_location_assignment LCCOMB_X33_Y17_N12 -to "u1686"
set_location_assignment LCCOMB_X33_Y17_N14 -to "u1687"
set_location_assignment LCCOMB_X33_Y17_N16 -to "u1688"
set_location_assignment LCCOMB_X33_Y17_N18 -to "u1689"
set_location_assignment LCCOMB_X33_Y17_N20 -to "u1690"
set_location_assignment LCCOMB_X33_Y17_N22 -to "u1691"
set_location_assignment LCCOMB_X33_Y17_N24 -to "u1692"
set_location_assignment LCCOMB_X33_Y17_N26 -to "u1693"
set_location_assignment LCCOMB_X33_Y17_N28 -to "u1694"
set_location_assignment LCCOMB_X33_Y17_N30 -to "u1695"
set_location_assignment LCCOMB_X33_Y18_N0 -to "u1696"
set_location_assignment LCCOMB_X33_Y18_N2 -to "u1697"
set_location_assignment LCCOMB_X33_Y18_N4 -to "u1698"
set_location_assignment LCCOMB_X33_Y18_N6 -to "u1699"
set_location_assignment LCCOMB_X33_Y18_N8 -to "u1700"
set_location_assignment LCCOMB_X33_Y18_N10 -to "u1701"
set_location_assignment LCCOMB_X33_Y18_N12 -to "u1702"
set_location_assignment LCCOMB_X33_Y18_N14 -to "u1703"
set_location_assignment LCCOMB_X33_Y18_N16 -to "u1704"
set_location_assignment LCCOMB_X33_Y18_N18 -to "u1705"
set_location_assignment LCCOMB_X33_Y18_N20 -to "u1706"
set_location_assignment LCCOMB_X33_Y18_N22 -to "u1707"
set_location_assignment LCCOMB_X33_Y18_N24 -to "u1708"
set_location_assignment LCCOMB_X33_Y18_N26 -to "u1709"
set_location_assignment LCCOMB_X33_Y18_N28 -to "u1710"
set_location_assignment LCCOMB_X33_Y18_N30 -to "u1711"
set_location_assignment LCCOMB_X33_Y19_N0 -to "u1712"
set_location_assignment LCCOMB_X33_Y19_N2 -to "u1713"
set_location_assignment LCCOMB_X33_Y19_N4 -to "u1714"
set_location_assignment LCCOMB_X33_Y19_N6 -to "u1715"
set_location_assignment LCCOMB_X33_Y19_N8 -to "u1716"
set_location_assignment LCCOMB_X33_Y19_N10 -to "u1717"
set_location_assignment LCCOMB_X33_Y19_N12 -to "u1718"
set_location_assignment LCCOMB_X33_Y19_N14 -to "u1719"
set_location_assignment LCCOMB_X33_Y19_N16 -to "u1720"
set_location_assignment LCCOMB_X33_Y19_N18 -to "u1721"
set_location_assignment LCCOMB_X33_Y19_N20 -to "u1722"
set_location_assignment LCCOMB_X33_Y19_N22 -to "u1723"
set_location_assignment LCCOMB_X33_Y19_N24 -to "u1724"
set_location_assignment LCCOMB_X33_Y19_N26 -to "u1725"
set_location_assignment LCCOMB_X33_Y19_N28 -to "u1726"
set_location_assignment LCCOMB_X33_Y19_N30 -to "u1727"
set_location_assignment LCCOMB_X33_Y20_N0 -to "u1728"
set_location_assignment LCCOMB_X33_Y20_N2 -to "u1729"
set_location_assignment LCCOMB_X33_Y20_N4 -to "u1730"
set_location_assignment LCCOMB_X33_Y20_N6 -to "u1731"
set_location_assignment LCCOMB_X33_Y20_N8 -to "u1732"
set_location_assignment LCCOMB_X33_Y20_N10 -to "u1733"
set_location_assignment LCCOMB_X33_Y20_N12 -to "u1734"
set_location_assignment LCCOMB_X33_Y20_N14 -to "u1735"
set_location_assignment LCCOMB_X33_Y20_N16 -to "u1736"
set_location_assignment LCCOMB_X33_Y20_N18 -to "u1737"
set_location_assignment LCCOMB_X33_Y20_N20 -to "u1738"
set_location_assignment LCCOMB_X33_Y20_N22 -to "u1739"
set_location_assignment LCCOMB_X33_Y20_N24 -to "u1740"
set_location_assignment LCCOMB_X33_Y20_N26 -to "u1741"
set_location_assignment LCCOMB_X33_Y20_N28 -to "u1742"
set_location_assignment LCCOMB_X33_Y20_N30 -to "u1743"
set_location_assignment LCCOMB_X33_Y21_N0 -to "u1744"
set_location_assignment LCCOMB_X33_Y21_N2 -to "u1745"
set_location_assignment LCCOMB_X33_Y21_N4 -to "u1746"
set_location_assignment LCCOMB_X33_Y21_N6 -to "u1747"
set_location_assignment LCCOMB_X33_Y21_N8 -to "u1748"
set_location_assignment LCCOMB_X33_Y21_N10 -to "u1749"
set_location_assignment LCCOMB_X33_Y21_N12 -to "u1750"
set_location_assignment LCCOMB_X33_Y21_N14 -to "u1751"
set_location_assignment LCCOMB_X33_Y21_N16 -to "u1752"
set_location_assignment LCCOMB_X33_Y21_N18 -to "u1753"
set_location_assignment LCCOMB_X33_Y21_N20 -to "u1754"
set_location_assignment LCCOMB_X33_Y21_N22 -to "u1755"
set_location_assignment LCCOMB_X33_Y21_N24 -to "u1756"
set_location_assignment LCCOMB_X33_Y21_N26 -to "u1757"
set_location_assignment LCCOMB_X33_Y21_N28 -to "u1758"
set_location_assignment LCCOMB_X33_Y21_N30 -to "u1759"
set_location_assignment LCCOMB_X10_Y15_N0 -to "u1760"
set_location_assignment LCCOMB_X10_Y15_N2 -to "u1761"
set_location_assignment LCCOMB_X10_Y15_N4 -to "u1762"
set_location_assignment LCCOMB_X10_Y15_N6 -to "u1763"
set_location_assignment LCCOMB_X10_Y15_N8 -to "u1764"
set_location_assignment LCCOMB_X10_Y15_N10 -to "u1765"
set_location_assignment LCCOMB_X10_Y15_N12 -to "u1766"
set_location_assignment LCCOMB_X10_Y15_N14 -to "u1767"
set_location_assignment LCCOMB_X10_Y15_N16 -to "u1768"
set_location_assignment LCCOMB_X10_Y15_N18 -to "u1769"
set_location_assignment LCCOMB_X10_Y15_N20 -to "u1770"
set_location_assignment LCCOMB_X10_Y15_N22 -to "u1771"
set_location_assignment LCCOMB_X10_Y15_N24 -to "u1772"
set_location_assignment LCCOMB_X10_Y15_N26 -to "u1773"
set_location_assignment LCCOMB_X10_Y15_N28 -to "u1774"
set_location_assignment LCCOMB_X10_Y15_N30 -to "u1775"
set_location_assignment LCCOMB_X16_Y15_N0 -to "u1776"
set_location_assignment LCCOMB_X16_Y15_N2 -to "u1777"
set_location_assignment LCCOMB_X16_Y15_N4 -to "u1778"
set_location_assignment LCCOMB_X16_Y15_N6 -to "u1779"
set_location_assignment LCCOMB_X16_Y15_N8 -to "u1780"
set_location_assignment LCCOMB_X16_Y15_N10 -to "u1781"
set_location_assignment LCCOMB_X16_Y15_N12 -to "u1782"
set_location_assignment LCCOMB_X16_Y15_N14 -to "u1783"
set_location_assignment LCCOMB_X16_Y15_N16 -to "u1784"
set_location_assignment LCCOMB_X16_Y15_N18 -to "u1785"
set_location_assignment LCCOMB_X16_Y15_N20 -to "u1786"
set_location_assignment LCCOMB_X16_Y15_N22 -to "u1787"
set_location_assignment LCCOMB_X16_Y15_N24 -to "u1788"
set_location_assignment LCCOMB_X16_Y15_N26 -to "u1789"
set_location_assignment LCCOMB_X16_Y15_N28 -to "u1790"
set_location_assignment LCCOMB_X16_Y15_N30 -to "u1791"
set_location_assignment LCCOMB_X21_Y15_N0 -to "u1792"
set_location_assignment LCCOMB_X21_Y15_N2 -to "u1793"
set_location_assignment LCCOMB_X21_Y15_N4 -to "u1794"
set_location_assignment LCCOMB_X21_Y15_N6 -to "u1795"
set_location_assignment LCCOMB_X21_Y15_N8 -to "u1796"
set_location_assignment LCCOMB_X21_Y15_N10 -to "u1797"
set_location_assignment LCCOMB_X21_Y15_N12 -to "u1798"
set_location_assignment LCCOMB_X21_Y15_N14 -to "u1799"
set_location_assignment LCCOMB_X21_Y15_N16 -to "u1800"
set_location_assignment LCCOMB_X21_Y15_N18 -to "u1801"
set_location_assignment LCCOMB_X21_Y15_N20 -to "u1802"
set_location_assignment LCCOMB_X21_Y15_N22 -to "u1803"
set_location_assignment LCCOMB_X21_Y15_N24 -to "u1804"
set_location_assignment LCCOMB_X21_Y15_N26 -to "u1805"
set_location_assignment LCCOMB_X21_Y15_N28 -to "u1806"
set_location_assignment LCCOMB_X21_Y15_N30 -to "u1807"
set_location_assignment LCCOMB_X25_Y15_N0 -to "u1808"
set_location_assignment LCCOMB_X25_Y15_N2 -to "u1809"
set_location_assignment LCCOMB_X25_Y15_N4 -to "u1810"
set_location_assignment LCCOMB_X25_Y15_N6 -to "u1811"
set_location_assignment LCCOMB_X25_Y15_N8 -to "u1812"
set_location_assignment LCCOMB_X25_Y15_N10 -to "u1813"
set_location_assignment LCCOMB_X25_Y15_N12 -to "u1814"
set_location_assignment LCCOMB_X25_Y15_N14 -to "u1815"
set_location_assignment LCCOMB_X25_Y15_N16 -to "u1816"
set_location_assignment LCCOMB_X25_Y15_N18 -to "u1817"
set_location_assignment LCCOMB_X25_Y15_N20 -to "u1818"
set_location_assignment LCCOMB_X25_Y15_N22 -to "u1819"
set_location_assignment LCCOMB_X25_Y15_N24 -to "u1820"
set_location_assignment LCCOMB_X25_Y15_N26 -to "u1821"
set_location_assignment LCCOMB_X25_Y15_N28 -to "u1822"
set_location_assignment LCCOMB_X25_Y15_N30 -to "u1823"
set_location_assignment LCCOMB_X31_Y15_N0 -to "u1824"
set_location_assignment LCCOMB_X31_Y15_N2 -to "u1825"
set_location_assignment LCCOMB_X31_Y15_N4 -to "u1826"
set_location_assignment LCCOMB_X31_Y15_N6 -to "u1827"
set_location_assignment LCCOMB_X31_Y15_N8 -to "u1828"
set_location_assignment LCCOMB_X31_Y15_N10 -to "u1829"
set_location_assignment LCCOMB_X31_Y15_N12 -to "u1830"
set_location_assignment LCCOMB_X31_Y15_N14 -to "u1831"
set_location_assignment LCCOMB_X31_Y15_N16 -to "u1832"
set_location_assignment LCCOMB_X31_Y15_N18 -to "u1833"
set_location_assignment LCCOMB_X31_Y15_N20 -to "u1834"
set_location_assignment LCCOMB_X31_Y15_N22 -to "u1835"
set_location_assignment LCCOMB_X31_Y15_N24 -to "u1836"
set_location_assignment LCCOMB_X31_Y15_N26 -to "u1837"
set_location_assignment LCCOMB_X31_Y15_N28 -to "u1838"
set_location_assignment LCCOMB_X31_Y15_N30 -to "u1839"
